// !$*UTF8*$!
{
	archiveVersion = 1;
	classes = {
	};
	objectVersion = 56;
	objects = {

/* Begin PBXAggregateTarget section */
		6BAE6BA02514ED9900D5C059 /* Universal-ConnectTransfer */ = {
			isa = PBXAggregateTarget;
			buildConfigurationList = 6BAE6BA32514ED9900D5C059 /* Build configuration list for PBXAggregateTarget "Universal-ConnectTransfer" */;
			buildPhases = (
				6BAE6BA42514EDE100D5C059 /* Run Script */,
			);
			dependencies = (
			);
			name = "Universal-ConnectTransfer";
			productName = "Universal-Connect";
		};
/* End PBXAggregateTarget section */

/* Begin PBXBuildFile section */
		2134234C2583F6D200C06BB8 /* AppDelegate.swift in Sources */ = {isa = PBXBuildFile; fileRef = 2134234B2583F6D200C06BB8 /* AppDelegate.swift */; };
		2134234E2583F6D200C06BB8 /* SceneDelegate.swift in Sources */ = {isa = PBXBuildFile; fileRef = 2134234D2583F6D200C06BB8 /* SceneDelegate.swift */; };
		213423502583F6D200C06BB8 /* ViewController.swift in Sources */ = {isa = PBXBuildFile; fileRef = 2134234F2583F6D200C06BB8 /* ViewController.swift */; };
		213423532583F6D200C06BB8 /* Main.storyboard in Resources */ = {isa = PBXBuildFile; fileRef = 213423512583F6D200C06BB8 /* Main.storyboard */; };
		213423552583F6D300C06BB8 /* Assets.xcassets in Resources */ = {isa = PBXBuildFile; fileRef = 213423542583F6D300C06BB8 /* Assets.xcassets */; };
		213423582583F6D300C06BB8 /* LaunchScreen.storyboard in Resources */ = {isa = PBXBuildFile; fileRef = 213423562583F6D300C06BB8 /* LaunchScreen.storyboard */; };
		214B5BED25895E9F00FA6A1E /* TestAppUITests.swift in Sources */ = {isa = PBXBuildFile; fileRef = 214B5BEC25895E9F00FA6A1E /* TestAppUITests.swift */; };
		214B5C052589655400FA6A1E /* AccessibilityIdentifier.swift in Sources */ = {isa = PBXBuildFile; fileRef = 216D037E258942E900342EF5 /* AccessibilityIdentifier.swift */; };
		216D037F258942E900342EF5 /* AccessibilityIdentifier.swift in Sources */ = {isa = PBXBuildFile; fileRef = 216D037E258942E900342EF5 /* AccessibilityIdentifier.swift */; };
		6B94CDE423A819F30077D65A /* ConnectTransfer.framework in Frameworks */ = {isa = PBXBuildFile; fileRef = 6B94CDDA23A819F20077D65A /* ConnectTransfer.framework */; };
		6B94CDE923A819F30077D65A /* ConnectTransferTests.swift in Sources */ = {isa = PBXBuildFile; fileRef = 6B94CDE823A819F30077D65A /* ConnectTransferTests.swift */; };
		770DCFB12B8CAD9800CBBAF4 /* Model.swift in Sources */ = {isa = PBXBuildFile; fileRef = 770DCFAE2B8CAD9700CBBAF4 /* Model.swift */; };
		770DCFB22B8CAD9800CBBAF4 /* MastercardOpenBankingConnect.swift in Sources */ = {isa = PBXBuildFile; fileRef = 770DCFAF2B8CAD9700CBBAF4 /* MastercardOpenBankingConnect.swift */; };
		770DCFB32B8CAD9800CBBAF4 /* MastercardOpenBankingConnectAPI.swift in Sources */ = {isa = PBXBuildFile; fileRef = 770DCFAD2B8CAD9700CBBAF4 /* MastercardOpenBankingConnectAPI.swift */; };
		770DCFB42B8CAD9800CBBAF4 /* Config.swift in Sources */ = {isa = PBXBuildFile; fileRef = 770DCFB02B8CAD9700CBBAF4 /* Config.swift */; };
		774B7C862C9AAFD0000675FA /* AtomicTransact.xcframework in Frameworks */ = {isa = PBXBuildFile; fileRef = 774B7C852C9AAFD0000675FA /* AtomicTransact.xcframework */; };
		774B7C872C9AAFD0000675FA /* AtomicTransact.xcframework in Embed Frameworks */ = {isa = PBXBuildFile; fileRef = 774B7C852C9AAFD0000675FA /* AtomicTransact.xcframework */; settings = {ATTRIBUTES = (CodeSignOnCopy, RemoveHeadersOnCopy, ); }; };
		774B7C892C9AAFDC000675FA /* AtomicTransact.xcframework in Frameworks */ = {isa = PBXBuildFile; fileRef = 774B7C852C9AAFD0000675FA /* AtomicTransact.xcframework */; };
		774B7C8A2C9AAFDC000675FA /* AtomicTransact.xcframework in Embed Frameworks */ = {isa = PBXBuildFile; fileRef = 774B7C852C9AAFD0000675FA /* AtomicTransact.xcframework */; settings = {ATTRIBUTES = (CodeSignOnCopy, RemoveHeadersOnCopy, ); }; };
		774B7C8E2C9C0174000675FA /* AtomicTransact.xcframework in Frameworks */ = {isa = PBXBuildFile; fileRef = 774B7C852C9AAFD0000675FA /* AtomicTransact.xcframework */; };
		774B7C8F2C9C0174000675FA /* AtomicTransact.xcframework in Embed Frameworks */ = {isa = PBXBuildFile; fileRef = 774B7C852C9AAFD0000675FA /* AtomicTransact.xcframework */; settings = {ATTRIBUTES = (CodeSignOnCopy, RemoveHeadersOnCopy, ); }; };
		774B7C912C9C0183000675FA /* ConnectTransfer.framework in Frameworks */ = {isa = PBXBuildFile; fileRef = 6B94CDDA23A819F20077D65A /* ConnectTransfer.framework */; platformFilter = ios; };
		774B7C922C9C0183000675FA /* ConnectTransfer.framework in Embed Frameworks */ = {isa = PBXBuildFile; fileRef = 6B94CDDA23A819F20077D65A /* ConnectTransfer.framework */; platformFilter = ios; settings = {ATTRIBUTES = (CodeSignOnCopy, RemoveHeadersOnCopy, ); }; };
		774B7C952C9C018E000675FA /* AtomicTransact.xcframework in Frameworks */ = {isa = PBXBuildFile; fileRef = 774B7C852C9AAFD0000675FA /* AtomicTransact.xcframework */; };
		774B7C962C9C018E000675FA /* AtomicTransact.xcframework in Embed Frameworks */ = {isa = PBXBuildFile; fileRef = 774B7C852C9AAFD0000675FA /* AtomicTransact.xcframework */; settings = {ATTRIBUTES = (CodeSignOnCopy, RemoveHeadersOnCopy, ); }; };
		777F62132C6A23E700A342AD /* FailureModel.swift in Sources */ = {isa = PBXBuildFile; fileRef = 777F62092C6A23E700A342AD /* FailureModel.swift */; };
		777F62142C6A23E700A342AD /* FailureViewControllerUtil.swift in Sources */ = {isa = PBXBuildFile; fileRef = 777F620B2C6A23E700A342AD /* FailureViewControllerUtil.swift */; };
		777F62152C6A23E700A342AD /* FailureViewController.swift in Sources */ = {isa = PBXBuildFile; fileRef = 777F620D2C6A23E700A342AD /* FailureViewController.swift */; };
		777F62162C6A23E700A342AD /* FailureViewController.xib in Resources */ = {isa = PBXBuildFile; fileRef = 777F620E2C6A23E700A342AD /* FailureViewController.xib */; };
		777F62172C6A23E700A342AD /* FailureViewModel.swift in Sources */ = {isa = PBXBuildFile; fileRef = 777F62102C6A23E700A342AD /* FailureViewModel.swift */; };
		777F62182C6A261C00A342AD /* FailureModel.swift in Sources */ = {isa = PBXBuildFile; fileRef = 777F62092C6A23E700A342AD /* FailureModel.swift */; };
		777F62192C6A261F00A342AD /* FailureViewControllerUtil.swift in Sources */ = {isa = PBXBuildFile; fileRef = 777F620B2C6A23E700A342AD /* FailureViewControllerUtil.swift */; };
		777F621A2C6A262200A342AD /* FailureViewController.swift in Sources */ = {isa = PBXBuildFile; fileRef = 777F620D2C6A23E700A342AD /* FailureViewController.swift */; };
		777F621B2C6A262500A342AD /* FailureViewController.xib in Resources */ = {isa = PBXBuildFile; fileRef = 777F620E2C6A23E700A342AD /* FailureViewController.xib */; };
		777F621C2C6A262900A342AD /* FailureViewModel.swift in Sources */ = {isa = PBXBuildFile; fileRef = 777F62102C6A23E700A342AD /* FailureViewModel.swift */; };
		77B3C23C2C7F38F400D6FDF3 /* ConnectTransfer.h in Headers */ = {isa = PBXBuildFile; fileRef = 77B3C23B2C7F38F400D6FDF3 /* ConnectTransfer.h */; };
		77EF09E32BCEC77300F5C0E5 /* PrivacyInfo.xcprivacy in Resources */ = {isa = PBXBuildFile; fileRef = 77EF09E22BCEC76C00F5C0E5 /* PrivacyInfo.xcprivacy */; };
		F40A9D712CA1417D0066D7B5 /* Localizable.xcstrings in Resources */ = {isa = PBXBuildFile; fileRef = F411D73B2C66903B00BE39C2 /* Localizable.xcstrings */; };
		F411D73C2C66903B00BE39C2 /* Localizable.xcstrings in Resources */ = {isa = PBXBuildFile; fileRef = F411D73B2C66903B00BE39C2 /* Localizable.xcstrings */; };
		F411D73F2C6A53BA00BE39C2 /* Bundle+Extension.swift in Sources */ = {isa = PBXBuildFile; fileRef = F411D73E2C6A53BA00BE39C2 /* Bundle+Extension.swift */; };
		F411D7402C6A540900BE39C2 /* Bundle+Extension.swift in Sources */ = {isa = PBXBuildFile; fileRef = F411D73E2C6A53BA00BE39C2 /* Bundle+Extension.swift */; };
		F414C2CB2C610B1C00A7ACAD /* ConnectTransferViewModel.swift in Sources */ = {isa = PBXBuildFile; fileRef = F414C2C92C610B1C00A7ACAD /* ConnectTransferViewModel.swift */; };
		F414C2D42C610B4200A7ACAD /* NavigationView.swift in Sources */ = {isa = PBXBuildFile; fileRef = F414C2CC2C610B4200A7ACAD /* NavigationView.swift */; };
		F414C2D52C610B4200A7ACAD /* NavigationView.xib in Resources */ = {isa = PBXBuildFile; fileRef = F414C2CD2C610B4200A7ACAD /* NavigationView.xib */; };
		F414C2D62C610B4200A7ACAD /* PoweredByView.swift in Sources */ = {isa = PBXBuildFile; fileRef = F414C2D02C610B4200A7ACAD /* PoweredByView.swift */; };
		F414C2D72C610B4200A7ACAD /* PoweredByView.xib in Resources */ = {isa = PBXBuildFile; fileRef = F414C2D12C610B4200A7ACAD /* PoweredByView.xib */; };
		F414C2D82C610C9400A7ACAD /* ConnectTransferViewModel.swift in Sources */ = {isa = PBXBuildFile; fileRef = F414C2C92C610B1C00A7ACAD /* ConnectTransferViewModel.swift */; };
		F414C2D92C610C9400A7ACAD /* NavigationView.swift in Sources */ = {isa = PBXBuildFile; fileRef = F414C2CC2C610B4200A7ACAD /* NavigationView.swift */; };
		F414C2DA2C610C9400A7ACAD /* NavigationView.xib in Sources */ = {isa = PBXBuildFile; fileRef = F414C2CD2C610B4200A7ACAD /* NavigationView.xib */; };
		F414C2DB2C610C9400A7ACAD /* PoweredByView.swift in Sources */ = {isa = PBXBuildFile; fileRef = F414C2D02C610B4200A7ACAD /* PoweredByView.swift */; };
		F414C2DC2C610C9400A7ACAD /* PoweredByView.xib in Sources */ = {isa = PBXBuildFile; fileRef = F414C2D12C610B4200A7ACAD /* PoweredByView.xib */; };
		F414C2DF2C611BFD00A7ACAD /* UIApplication+Extension.swift in Sources */ = {isa = PBXBuildFile; fileRef = F414C2DE2C611BFD00A7ACAD /* UIApplication+Extension.swift */; };
		F414C2E12C611C4800A7ACAD /* UIImage+Extension.swift in Sources */ = {isa = PBXBuildFile; fileRef = F414C2E02C611C4800A7ACAD /* UIImage+Extension.swift */; };
		F414C2E32C611C6200A7ACAD /* UIImageView+Extension.swift in Sources */ = {isa = PBXBuildFile; fileRef = F414C2E22C611C6200A7ACAD /* UIImageView+Extension.swift */; };
		F414C2E52C611C8200A7ACAD /* UITapGestureRecognizer+Extension.swift in Sources */ = {isa = PBXBuildFile; fileRef = F414C2E42C611C8200A7ACAD /* UITapGestureRecognizer+Extension.swift */; };
		F414C2E62C611CCC00A7ACAD /* UIApplication+Extension.swift in Sources */ = {isa = PBXBuildFile; fileRef = F414C2DE2C611BFD00A7ACAD /* UIApplication+Extension.swift */; };
		F414C2E72C611CCC00A7ACAD /* UIImage+Extension.swift in Sources */ = {isa = PBXBuildFile; fileRef = F414C2E02C611C4800A7ACAD /* UIImage+Extension.swift */; };
		F414C2E82C611CCC00A7ACAD /* UIImageView+Extension.swift in Sources */ = {isa = PBXBuildFile; fileRef = F414C2E22C611C6200A7ACAD /* UIImageView+Extension.swift */; };
		F414C2E92C611CCC00A7ACAD /* UITapGestureRecognizer+Extension.swift in Sources */ = {isa = PBXBuildFile; fileRef = F414C2E42C611C8200A7ACAD /* UITapGestureRecognizer+Extension.swift */; };
		F44A603A2C81EB3400B5200A /* ConnectTransferRedirectViewController+DepositSwitchFlow.swift in Sources */ = {isa = PBXBuildFile; fileRef = F44A60392C81EB3400B5200A /* ConnectTransferRedirectViewController+DepositSwitchFlow.swift */; };
		F44A603B2C81EE7000B5200A /* ConnectTransferRedirectViewController+DepositSwitchFlow.swift in Sources */ = {isa = PBXBuildFile; fileRef = F44A60392C81EB3400B5200A /* ConnectTransferRedirectViewController+DepositSwitchFlow.swift */; };
		F48899752C77570B00639FFF /* ConnectTransferEventConfig.swift in Sources */ = {isa = PBXBuildFile; fileRef = F48899742C77570B00639FFF /* ConnectTransferEventConfig.swift */; };
		F48899762C77570B00639FFF /* ConnectTransferEventConfig.swift in Sources */ = {isa = PBXBuildFile; fileRef = F48899742C77570B00639FFF /* ConnectTransferEventConfig.swift */; };
		F48899782C77577100639FFF /* ConnectTransferViewController+RedirectViewDelegate.swift in Sources */ = {isa = PBXBuildFile; fileRef = F48899772C77577000639FFF /* ConnectTransferViewController+RedirectViewDelegate.swift */; };
		F48899792C77577100639FFF /* ConnectTransferViewController+RedirectViewDelegate.swift in Sources */ = {isa = PBXBuildFile; fileRef = F48899772C77577000639FFF /* ConnectTransferViewController+RedirectViewDelegate.swift */; };
		F488997B2C7757B100639FFF /* URLQueryItem+Extension.swift in Sources */ = {isa = PBXBuildFile; fileRef = F488997A2C7757B100639FFF /* URLQueryItem+Extension.swift */; };
		F488997C2C7757B100639FFF /* URLQueryItem+Extension.swift in Sources */ = {isa = PBXBuildFile; fileRef = F488997A2C7757B100639FFF /* URLQueryItem+Extension.swift */; };
		F4C6E5812C57696900723739 /* ConnectTransferViewController.swift in Sources */ = {isa = PBXBuildFile; fileRef = F4C6E57F2C57696900723739 /* ConnectTransferViewController.swift */; };
		F4C6E5822C57696900723739 /* ConnectTransferViewController.xib in Resources */ = {isa = PBXBuildFile; fileRef = F4C6E5802C57696900723739 /* ConnectTransferViewController.xib */; };
		F4C6E5832C57698D00723739 /* ConnectTransferViewController.swift in Sources */ = {isa = PBXBuildFile; fileRef = F4C6E57F2C57696900723739 /* ConnectTransferViewController.swift */; };
		F4C6E5842C57698D00723739 /* ConnectTransferViewController.xib in Sources */ = {isa = PBXBuildFile; fileRef = F4C6E5802C57696900723739 /* ConnectTransferViewController.xib */; };
		F4C6E5862C579CE000723739 /* TransferModel.swift in Sources */ = {isa = PBXBuildFile; fileRef = F4C6E5852C579CE000723739 /* TransferModel.swift */; };
		F4C6E5872C579D4C00723739 /* TransferModel.swift in Sources */ = {isa = PBXBuildFile; fileRef = F4C6E5852C579CE000723739 /* TransferModel.swift */; };
		F4C6E5892C579DB000723739 /* TransferViewControllerUtil.swift in Sources */ = {isa = PBXBuildFile; fileRef = F4C6E5882C579DB000723739 /* TransferViewControllerUtil.swift */; };
		F4C6E58A2C579E8200723739 /* TransferViewControllerUtil.swift in Sources */ = {isa = PBXBuildFile; fileRef = F4C6E5882C579DB000723739 /* TransferViewControllerUtil.swift */; };
		F4C6E59B2C57C19300723739 /* ConnectTransferRedirectViewController.swift in Sources */ = {isa = PBXBuildFile; fileRef = F4C6E5992C57C19300723739 /* ConnectTransferRedirectViewController.swift */; };
		F4C6E59C2C57C19300723739 /* ConnectTransferRedirectViewController.xib in Resources */ = {isa = PBXBuildFile; fileRef = F4C6E59A2C57C19300723739 /* ConnectTransferRedirectViewController.xib */; };
		F4C6E5A02C57CE2E00723739 /* ConnectTransferRedirectViewController.swift in Sources */ = {isa = PBXBuildFile; fileRef = F4C6E5992C57C19300723739 /* ConnectTransferRedirectViewController.swift */; };
		F4C6E5A12C57CE2E00723739 /* ConnectTransferRedirectViewController.xib in Sources */ = {isa = PBXBuildFile; fileRef = F4C6E59A2C57C19300723739 /* ConnectTransferRedirectViewController.xib */; };
		F4CF3FF02C53AF0C006CA1E1 /* Helper.swift in Sources */ = {isa = PBXBuildFile; fileRef = F4CF3FEF2C53AF0C006CA1E1 /* Helper.swift */; };
		F4CF3FF12C53B106006CA1E1 /* Helper.swift in Sources */ = {isa = PBXBuildFile; fileRef = F4CF3FEF2C53AF0C006CA1E1 /* Helper.swift */; };
		F4EF923B2C638A5C009F3A13 /* ConnectMedia.xcassets in Sources */ = {isa = PBXBuildFile; fileRef = F4CF40162C53DD2E006CA1E1 /* ConnectMedia.xcassets */; };
		F4EF923D2C638B96009F3A13 /* ConnectMedia.xcassets in Resources */ = {isa = PBXBuildFile; fileRef = F4CF40162C53DD2E006CA1E1 /* ConnectMedia.xcassets */; };
		F4F519262C64A32F00557516 /* ExitPopUpViewController.swift in Sources */ = {isa = PBXBuildFile; fileRef = F4F519242C64A32F00557516 /* ExitPopUpViewController.swift */; };
		F4F519272C64A32F00557516 /* ExitPopUpViewController.xib in Resources */ = {isa = PBXBuildFile; fileRef = F4F519252C64A32F00557516 /* ExitPopUpViewController.xib */; };
		F4F519282C64B3CF00557516 /* ExitPopUpViewController.swift in Sources */ = {isa = PBXBuildFile; fileRef = F4F519242C64A32F00557516 /* ExitPopUpViewController.swift */; };
		F4F519292C64B3CF00557516 /* ExitPopUpViewController.xib in Sources */ = {isa = PBXBuildFile; fileRef = F4F519252C64A32F00557516 /* ExitPopUpViewController.xib */; };
		F4F5192C2C64C1B700557516 /* ExitPopUpViewControllerUtil.swift in Sources */ = {isa = PBXBuildFile; fileRef = F4F5192B2C64C1B700557516 /* ExitPopUpViewControllerUtil.swift */; };
		F4F5192D2C64C52400557516 /* ExitPopUpViewControllerUtil.swift in Sources */ = {isa = PBXBuildFile; fileRef = F4F5192B2C64C1B700557516 /* ExitPopUpViewControllerUtil.swift */; };
		F4F519302C64C8B400557516 /* ExitPopUpViewModel.swift in Sources */ = {isa = PBXBuildFile; fileRef = F4F5192F2C64C8B400557516 /* ExitPopUpViewModel.swift */; };
		F4F519312C64C92B00557516 /* ExitPopUpViewModel.swift in Sources */ = {isa = PBXBuildFile; fileRef = F4F5192F2C64C8B400557516 /* ExitPopUpViewModel.swift */; };
		F4F519332C64CA8E00557516 /* UIView+Extension.swift in Sources */ = {isa = PBXBuildFile; fileRef = F4F519322C64CA8E00557516 /* UIView+Extension.swift */; };
		F4F519342C64CB0900557516 /* UIView+Extension.swift in Sources */ = {isa = PBXBuildFile; fileRef = F4F519322C64CA8E00557516 /* UIView+Extension.swift */; };
		F4F519372C65F02E00557516 /* ConnectTransferRedirectViewModel.swift in Sources */ = {isa = PBXBuildFile; fileRef = F4F519362C65F02E00557516 /* ConnectTransferRedirectViewModel.swift */; };
		F4F519382C65F05000557516 /* ConnectTransferRedirectViewModel.swift in Sources */ = {isa = PBXBuildFile; fileRef = F4F519362C65F02E00557516 /* ConnectTransferRedirectViewModel.swift */; };
/* End PBXBuildFile section */

/* Begin PBXContainerItemProxy section */
		213423612583F7DE00C06BB8 /* PBXContainerItemProxy */ = {
			isa = PBXContainerItemProxy;
			containerPortal = 6B94CDD123A819F20077D65A /* Project object */;
			proxyType = 1;
			remoteGlobalIDString = 213423482583F6D200C06BB8;
			remoteInfo = TestApp;
		};
		214B5BEF25895E9F00FA6A1E /* PBXContainerItemProxy */ = {
			isa = PBXContainerItemProxy;
			containerPortal = 6B94CDD123A819F20077D65A /* Project object */;
			proxyType = 1;
			remoteGlobalIDString = 213423482583F6D200C06BB8;
			remoteInfo = TestApp;
		};
		6B94CDE523A819F30077D65A /* PBXContainerItemProxy */ = {
			isa = PBXContainerItemProxy;
			containerPortal = 6B94CDD123A819F20077D65A /* Project object */;
			proxyType = 1;
			remoteGlobalIDString = 6B94CDD923A819F20077D65A;
			remoteInfo = Connect;
		};
		774B7C932C9C0183000675FA /* PBXContainerItemProxy */ = {
			isa = PBXContainerItemProxy;
			containerPortal = 6B94CDD123A819F20077D65A /* Project object */;
			proxyType = 1;
			remoteGlobalIDString = 6B94CDD923A819F20077D65A;
			remoteInfo = ConnectTransfer;
		};
		77C97BB62C8B3E0200670E58 /* PBXContainerItemProxy */ = {
			isa = PBXContainerItemProxy;
			containerPortal = 6B94CDD123A819F20077D65A /* Project object */;
			proxyType = 1;
			remoteGlobalIDString = 6B94CDD923A819F20077D65A;
			remoteInfo = ConnectTransfer;
		};
/* End PBXContainerItemProxy section */

/* Begin PBXCopyFilesBuildPhase section */
		774B7C882C9AAFD0000675FA /* Embed Frameworks */ = {
			isa = PBXCopyFilesBuildPhase;
			buildActionMask = 2147483647;
			dstPath = "";
			dstSubfolderSpec = 10;
			files = (
				774B7C872C9AAFD0000675FA /* AtomicTransact.xcframework in Embed Frameworks */,
			);
			name = "Embed Frameworks";
			runOnlyForDeploymentPostprocessing = 0;
		};
		774B7C902C9C0174000675FA /* Embed Frameworks */ = {
			isa = PBXCopyFilesBuildPhase;
			buildActionMask = 2147483647;
			dstPath = "";
			dstSubfolderSpec = 10;
			files = (
				774B7C922C9C0183000675FA /* ConnectTransfer.framework in Embed Frameworks */,
				774B7C8F2C9C0174000675FA /* AtomicTransact.xcframework in Embed Frameworks */,
			);
			name = "Embed Frameworks";
			runOnlyForDeploymentPostprocessing = 0;
		};
		774B7C972C9C018E000675FA /* Embed Frameworks */ = {
			isa = PBXCopyFilesBuildPhase;
			buildActionMask = 2147483647;
			dstPath = "";
			dstSubfolderSpec = 10;
			files = (
				774B7C962C9C018E000675FA /* AtomicTransact.xcframework in Embed Frameworks */,
			);
			name = "Embed Frameworks";
			runOnlyForDeploymentPostprocessing = 0;
		};
		777E4AED29EEE66400188FD9 /* Embed Frameworks */ = {
			isa = PBXCopyFilesBuildPhase;
			buildActionMask = 2147483647;
			dstPath = "";
			dstSubfolderSpec = 10;
			files = (
				774B7C8A2C9AAFDC000675FA /* AtomicTransact.xcframework in Embed Frameworks */,
			);
			name = "Embed Frameworks";
			runOnlyForDeploymentPostprocessing = 0;
		};
/* End PBXCopyFilesBuildPhase section */

/* Begin PBXFileReference section */
		213423492583F6D200C06BB8 /* TestApp.app */ = {isa = PBXFileReference; explicitFileType = wrapper.application; includeInIndex = 0; path = TestApp.app; sourceTree = BUILT_PRODUCTS_DIR; };
		2134234B2583F6D200C06BB8 /* AppDelegate.swift */ = {isa = PBXFileReference; lastKnownFileType = sourcecode.swift; path = AppDelegate.swift; sourceTree = "<group>"; };
		2134234D2583F6D200C06BB8 /* SceneDelegate.swift */ = {isa = PBXFileReference; lastKnownFileType = sourcecode.swift; path = SceneDelegate.swift; sourceTree = "<group>"; };
		2134234F2583F6D200C06BB8 /* ViewController.swift */ = {isa = PBXFileReference; lastKnownFileType = sourcecode.swift; path = ViewController.swift; sourceTree = "<group>"; };
		213423522583F6D200C06BB8 /* Base */ = {isa = PBXFileReference; lastKnownFileType = file.storyboard; name = Base; path = Base.lproj/Main.storyboard; sourceTree = "<group>"; };
		213423542583F6D300C06BB8 /* Assets.xcassets */ = {isa = PBXFileReference; lastKnownFileType = folder.assetcatalog; path = Assets.xcassets; sourceTree = "<group>"; };
		213423572583F6D300C06BB8 /* Base */ = {isa = PBXFileReference; lastKnownFileType = file.storyboard; name = Base; path = Base.lproj/LaunchScreen.storyboard; sourceTree = "<group>"; };
		213423592583F6D300C06BB8 /* Info.plist */ = {isa = PBXFileReference; lastKnownFileType = text.plist.xml; path = Info.plist; sourceTree = "<group>"; };
		214B5BEA25895E9F00FA6A1E /* TestAppUITests.xctest */ = {isa = PBXFileReference; explicitFileType = wrapper.cfbundle; includeInIndex = 0; path = TestAppUITests.xctest; sourceTree = BUILT_PRODUCTS_DIR; };
		214B5BEC25895E9F00FA6A1E /* TestAppUITests.swift */ = {isa = PBXFileReference; lastKnownFileType = sourcecode.swift; path = TestAppUITests.swift; sourceTree = "<group>"; };
		214B5BEE25895E9F00FA6A1E /* Info.plist */ = {isa = PBXFileReference; lastKnownFileType = text.plist.xml; path = Info.plist; sourceTree = "<group>"; };
		216D037E258942E900342EF5 /* AccessibilityIdentifier.swift */ = {isa = PBXFileReference; lastKnownFileType = sourcecode.swift; path = AccessibilityIdentifier.swift; sourceTree = "<group>"; };
		6B94CDDA23A819F20077D65A /* ConnectTransfer.framework */ = {isa = PBXFileReference; explicitFileType = wrapper.framework; includeInIndex = 0; path = ConnectTransfer.framework; sourceTree = BUILT_PRODUCTS_DIR; };
		6B94CDDE23A819F20077D65A /* Info.plist */ = {isa = PBXFileReference; lastKnownFileType = text.plist.xml; path = Info.plist; sourceTree = "<group>"; };
		6B94CDE323A819F30077D65A /* ConnectTransferTests.xctest */ = {isa = PBXFileReference; explicitFileType = wrapper.cfbundle; includeInIndex = 0; path = ConnectTransferTests.xctest; sourceTree = BUILT_PRODUCTS_DIR; };
		6B94CDE823A819F30077D65A /* ConnectTransferTests.swift */ = {isa = PBXFileReference; lastKnownFileType = sourcecode.swift; path = ConnectTransferTests.swift; sourceTree = "<group>"; };
		6B94CDEA23A819F30077D65A /* Info.plist */ = {isa = PBXFileReference; lastKnownFileType = text.plist.xml; path = Info.plist; sourceTree = "<group>"; };
		6BA9DA452416D35E00884A40 /* Config.xcconfig */ = {isa = PBXFileReference; lastKnownFileType = text.xcconfig; path = Config.xcconfig; sourceTree = "<group>"; };
		770DCFAD2B8CAD9700CBBAF4 /* MastercardOpenBankingConnectAPI.swift */ = {isa = PBXFileReference; lastKnownFileType = sourcecode.swift; path = MastercardOpenBankingConnectAPI.swift; sourceTree = "<group>"; };
		770DCFAE2B8CAD9700CBBAF4 /* Model.swift */ = {isa = PBXFileReference; lastKnownFileType = sourcecode.swift; path = Model.swift; sourceTree = "<group>"; };
		770DCFAF2B8CAD9700CBBAF4 /* MastercardOpenBankingConnect.swift */ = {isa = PBXFileReference; lastKnownFileType = sourcecode.swift; path = MastercardOpenBankingConnect.swift; sourceTree = "<group>"; };
		770DCFB02B8CAD9700CBBAF4 /* Config.swift */ = {isa = PBXFileReference; lastKnownFileType = sourcecode.swift; path = Config.swift; sourceTree = "<group>"; };
		774B7C852C9AAFD0000675FA /* AtomicTransact.xcframework */ = {isa = PBXFileReference; lastKnownFileType = wrapper.xcframework; path = AtomicTransact.xcframework; sourceTree = "<group>"; };
		777F62092C6A23E700A342AD /* FailureModel.swift */ = {isa = PBXFileReference; fileEncoding = 4; lastKnownFileType = sourcecode.swift; path = FailureModel.swift; sourceTree = "<group>"; };
		777F620B2C6A23E700A342AD /* FailureViewControllerUtil.swift */ = {isa = PBXFileReference; fileEncoding = 4; lastKnownFileType = sourcecode.swift; path = FailureViewControllerUtil.swift; sourceTree = "<group>"; };
		777F620D2C6A23E700A342AD /* FailureViewController.swift */ = {isa = PBXFileReference; fileEncoding = 4; lastKnownFileType = sourcecode.swift; path = FailureViewController.swift; sourceTree = "<group>"; };
		777F620E2C6A23E700A342AD /* FailureViewController.xib */ = {isa = PBXFileReference; fileEncoding = 4; lastKnownFileType = file.xib; path = FailureViewController.xib; sourceTree = "<group>"; };
		777F62102C6A23E700A342AD /* FailureViewModel.swift */ = {isa = PBXFileReference; fileEncoding = 4; lastKnownFileType = sourcecode.swift; path = FailureViewModel.swift; sourceTree = "<group>"; };
		77B3C23B2C7F38F400D6FDF3 /* ConnectTransfer.h */ = {isa = PBXFileReference; fileEncoding = 4; lastKnownFileType = sourcecode.c.h; path = ConnectTransfer.h; sourceTree = "<group>"; };
		77EF09E22BCEC76C00F5C0E5 /* PrivacyInfo.xcprivacy */ = {isa = PBXFileReference; lastKnownFileType = text.xml; path = PrivacyInfo.xcprivacy; sourceTree = "<group>"; };
		77F98BB02C0A0F6100AC7486 /* TestApp.entitlements */ = {isa = PBXFileReference; lastKnownFileType = text.plist.entitlements; path = TestApp.entitlements; sourceTree = "<group>"; };
		F411D73B2C66903B00BE39C2 /* Localizable.xcstrings */ = {isa = PBXFileReference; lastKnownFileType = text.json.xcstrings; path = Localizable.xcstrings; sourceTree = "<group>"; };
		F411D73E2C6A53BA00BE39C2 /* Bundle+Extension.swift */ = {isa = PBXFileReference; lastKnownFileType = sourcecode.swift; path = "Bundle+Extension.swift"; sourceTree = "<group>"; };
		F414C2C92C610B1C00A7ACAD /* ConnectTransferViewModel.swift */ = {isa = PBXFileReference; fileEncoding = 4; lastKnownFileType = sourcecode.swift; path = ConnectTransferViewModel.swift; sourceTree = "<group>"; };
		F414C2CC2C610B4200A7ACAD /* NavigationView.swift */ = {isa = PBXFileReference; fileEncoding = 4; lastKnownFileType = sourcecode.swift; path = NavigationView.swift; sourceTree = "<group>"; };
		F414C2CD2C610B4200A7ACAD /* NavigationView.xib */ = {isa = PBXFileReference; fileEncoding = 4; lastKnownFileType = file.xib; path = NavigationView.xib; sourceTree = "<group>"; };
		F414C2D02C610B4200A7ACAD /* PoweredByView.swift */ = {isa = PBXFileReference; fileEncoding = 4; lastKnownFileType = sourcecode.swift; path = PoweredByView.swift; sourceTree = "<group>"; };
		F414C2D12C610B4200A7ACAD /* PoweredByView.xib */ = {isa = PBXFileReference; fileEncoding = 4; lastKnownFileType = file.xib; path = PoweredByView.xib; sourceTree = "<group>"; };
		F414C2DE2C611BFD00A7ACAD /* UIApplication+Extension.swift */ = {isa = PBXFileReference; lastKnownFileType = sourcecode.swift; path = "UIApplication+Extension.swift"; sourceTree = "<group>"; };
		F414C2E02C611C4800A7ACAD /* UIImage+Extension.swift */ = {isa = PBXFileReference; lastKnownFileType = sourcecode.swift; path = "UIImage+Extension.swift"; sourceTree = "<group>"; };
		F414C2E22C611C6200A7ACAD /* UIImageView+Extension.swift */ = {isa = PBXFileReference; lastKnownFileType = sourcecode.swift; path = "UIImageView+Extension.swift"; sourceTree = "<group>"; };
		F414C2E42C611C8200A7ACAD /* UITapGestureRecognizer+Extension.swift */ = {isa = PBXFileReference; lastKnownFileType = sourcecode.swift; path = "UITapGestureRecognizer+Extension.swift"; sourceTree = "<group>"; };
		F44A60392C81EB3400B5200A /* ConnectTransferRedirectViewController+DepositSwitchFlow.swift */ = {isa = PBXFileReference; lastKnownFileType = sourcecode.swift; path = "ConnectTransferRedirectViewController+DepositSwitchFlow.swift"; sourceTree = "<group>"; };
		F48899742C77570B00639FFF /* ConnectTransferEventConfig.swift */ = {isa = PBXFileReference; fileEncoding = 4; lastKnownFileType = sourcecode.swift; path = ConnectTransferEventConfig.swift; sourceTree = "<group>"; };
		F48899772C77577000639FFF /* ConnectTransferViewController+RedirectViewDelegate.swift */ = {isa = PBXFileReference; fileEncoding = 4; lastKnownFileType = sourcecode.swift; path = "ConnectTransferViewController+RedirectViewDelegate.swift"; sourceTree = "<group>"; };
		F488997A2C7757B100639FFF /* URLQueryItem+Extension.swift */ = {isa = PBXFileReference; fileEncoding = 4; lastKnownFileType = sourcecode.swift; path = "URLQueryItem+Extension.swift"; sourceTree = "<group>"; };
		F4C6E57F2C57696900723739 /* ConnectTransferViewController.swift */ = {isa = PBXFileReference; fileEncoding = 4; lastKnownFileType = sourcecode.swift; path = ConnectTransferViewController.swift; sourceTree = "<group>"; };
		F4C6E5802C57696900723739 /* ConnectTransferViewController.xib */ = {isa = PBXFileReference; fileEncoding = 4; lastKnownFileType = file.xib; path = ConnectTransferViewController.xib; sourceTree = "<group>"; };
		F4C6E5852C579CE000723739 /* TransferModel.swift */ = {isa = PBXFileReference; lastKnownFileType = sourcecode.swift; path = TransferModel.swift; sourceTree = "<group>"; };
		F4C6E5882C579DB000723739 /* TransferViewControllerUtil.swift */ = {isa = PBXFileReference; lastKnownFileType = sourcecode.swift; path = TransferViewControllerUtil.swift; sourceTree = "<group>"; };
		F4C6E5992C57C19300723739 /* ConnectTransferRedirectViewController.swift */ = {isa = PBXFileReference; lastKnownFileType = sourcecode.swift; path = ConnectTransferRedirectViewController.swift; sourceTree = "<group>"; };
		F4C6E59A2C57C19300723739 /* ConnectTransferRedirectViewController.xib */ = {isa = PBXFileReference; lastKnownFileType = file.xib; path = ConnectTransferRedirectViewController.xib; sourceTree = "<group>"; };
		F4CF3FEF2C53AF0C006CA1E1 /* Helper.swift */ = {isa = PBXFileReference; lastKnownFileType = sourcecode.swift; path = Helper.swift; sourceTree = "<group>"; };
		F4CF40162C53DD2E006CA1E1 /* ConnectMedia.xcassets */ = {isa = PBXFileReference; lastKnownFileType = folder.assetcatalog; path = ConnectMedia.xcassets; sourceTree = "<group>"; };
		F4F519242C64A32F00557516 /* ExitPopUpViewController.swift */ = {isa = PBXFileReference; lastKnownFileType = sourcecode.swift; path = ExitPopUpViewController.swift; sourceTree = "<group>"; };
		F4F519252C64A32F00557516 /* ExitPopUpViewController.xib */ = {isa = PBXFileReference; lastKnownFileType = file.xib; path = ExitPopUpViewController.xib; sourceTree = "<group>"; };
		F4F5192B2C64C1B700557516 /* ExitPopUpViewControllerUtil.swift */ = {isa = PBXFileReference; lastKnownFileType = sourcecode.swift; path = ExitPopUpViewControllerUtil.swift; sourceTree = "<group>"; };
		F4F5192F2C64C8B400557516 /* ExitPopUpViewModel.swift */ = {isa = PBXFileReference; lastKnownFileType = sourcecode.swift; path = ExitPopUpViewModel.swift; sourceTree = "<group>"; };
		F4F519322C64CA8E00557516 /* UIView+Extension.swift */ = {isa = PBXFileReference; lastKnownFileType = sourcecode.swift; path = "UIView+Extension.swift"; sourceTree = "<group>"; };
		F4F519362C65F02E00557516 /* ConnectTransferRedirectViewModel.swift */ = {isa = PBXFileReference; lastKnownFileType = sourcecode.swift; path = ConnectTransferRedirectViewModel.swift; sourceTree = "<group>"; };
/* End PBXFileReference section */

/* Begin PBXFrameworksBuildPhase section */
		213423462583F6D200C06BB8 /* Frameworks */ = {
			isa = PBXFrameworksBuildPhase;
			buildActionMask = 2147483647;
			files = (
				774B7C892C9AAFDC000675FA /* AtomicTransact.xcframework in Frameworks */,
			);
			runOnlyForDeploymentPostprocessing = 0;
		};
		214B5BE725895E9F00FA6A1E /* Frameworks */ = {
			isa = PBXFrameworksBuildPhase;
			buildActionMask = 2147483647;
			files = (
				774B7C912C9C0183000675FA /* ConnectTransfer.framework in Frameworks */,
				774B7C8E2C9C0174000675FA /* AtomicTransact.xcframework in Frameworks */,
			);
			runOnlyForDeploymentPostprocessing = 0;
		};
		6B94CDD723A819F20077D65A /* Frameworks */ = {
			isa = PBXFrameworksBuildPhase;
			buildActionMask = 2147483647;
			files = (
				774B7C862C9AAFD0000675FA /* AtomicTransact.xcframework in Frameworks */,
			);
			runOnlyForDeploymentPostprocessing = 0;
		};
		6B94CDE023A819F30077D65A /* Frameworks */ = {
			isa = PBXFrameworksBuildPhase;
			buildActionMask = 2147483647;
			files = (
				774B7C952C9C018E000675FA /* AtomicTransact.xcframework in Frameworks */,
				6B94CDE423A819F30077D65A /* ConnectTransfer.framework in Frameworks */,
			);
			runOnlyForDeploymentPostprocessing = 0;
		};
/* End PBXFrameworksBuildPhase section */

/* Begin PBXGroup section */
		2134234A2583F6D200C06BB8 /* TestApp */ = {
			isa = PBXGroup;
			children = (
				77F98BB02C0A0F6100AC7486 /* TestApp.entitlements */,
				2134234B2583F6D200C06BB8 /* AppDelegate.swift */,
				2134234D2583F6D200C06BB8 /* SceneDelegate.swift */,
				2134234F2583F6D200C06BB8 /* ViewController.swift */,
				213423512583F6D200C06BB8 /* Main.storyboard */,
				213423542583F6D300C06BB8 /* Assets.xcassets */,
				213423562583F6D300C06BB8 /* LaunchScreen.storyboard */,
				213423592583F6D300C06BB8 /* Info.plist */,
				216D037E258942E900342EF5 /* AccessibilityIdentifier.swift */,
			);
			path = TestApp;
			sourceTree = "<group>";
		};
		214B5BEB25895E9F00FA6A1E /* TestAppUITests */ = {
			isa = PBXGroup;
			children = (
				770DCFB02B8CAD9700CBBAF4 /* Config.swift */,
				770DCFAF2B8CAD9700CBBAF4 /* MastercardOpenBankingConnect.swift */,
				770DCFAD2B8CAD9700CBBAF4 /* MastercardOpenBankingConnectAPI.swift */,
				770DCFAE2B8CAD9700CBBAF4 /* Model.swift */,
				214B5BEC25895E9F00FA6A1E /* TestAppUITests.swift */,
				214B5BEE25895E9F00FA6A1E /* Info.plist */,
			);
			path = TestAppUITests;
			sourceTree = "<group>";
		};
		6B94CDD023A819F20077D65A = {
			isa = PBXGroup;
			children = (
				F411D73B2C66903B00BE39C2 /* Localizable.xcstrings */,
				6BA9DA452416D35E00884A40 /* Config.xcconfig */,
				6B94CDDC23A819F20077D65A /* ConnectTransfer */,
				6B94CDE723A819F30077D65A /* ConnectTransferTests */,
				2134234A2583F6D200C06BB8 /* TestApp */,
				214B5BEB25895E9F00FA6A1E /* TestAppUITests */,
				774B7C842C9AAFD0000675FA /* Frameworks */,
				6B94CDDB23A819F20077D65A /* Products */,
			);
			sourceTree = "<group>";
		};
		6B94CDDB23A819F20077D65A /* Products */ = {
			isa = PBXGroup;
			children = (
				6B94CDDA23A819F20077D65A /* ConnectTransfer.framework */,
				6B94CDE323A819F30077D65A /* ConnectTransferTests.xctest */,
				213423492583F6D200C06BB8 /* TestApp.app */,
				214B5BEA25895E9F00FA6A1E /* TestAppUITests.xctest */,
			);
			name = Products;
			sourceTree = "<group>";
		};
		6B94CDDC23A819F20077D65A /* ConnectTransfer */ = {
			isa = PBXGroup;
			children = (
				77B3C23B2C7F38F400D6FDF3 /* ConnectTransfer.h */,
				6B94CDDE23A819F20077D65A /* Info.plist */,
				F4C6E58B2C57AE8B00723739 /* ConnectTransferView */,
				F4C6E5972C57C16000723739 /* ConnectTransferRedirectView */,
				777F62122C6A23E700A342AD /* FailureView */,
				F4F519212C64A18300557516 /* ExitPopUpView */,
				F414C2CF2C610B4200A7ACAD /* NavigationView */,
				F414C2D32C610B4200A7ACAD /* PoweredByView */,
				77EF09E22BCEC76C00F5C0E5 /* PrivacyInfo.xcprivacy */,
				F4CF3FEF2C53AF0C006CA1E1 /* Helper.swift */,
				F414C2DD2C61117A00A7ACAD /* Extensions */,
				F4CF40162C53DD2E006CA1E1 /* ConnectMedia.xcassets */,
			);
			path = ConnectTransfer;
			sourceTree = "<group>";
		};
		6B94CDE723A819F30077D65A /* ConnectTransferTests */ = {
			isa = PBXGroup;
			children = (
				6B94CDE823A819F30077D65A /* ConnectTransferTests.swift */,
				6B94CDEA23A819F30077D65A /* Info.plist */,
			);
			path = ConnectTransferTests;
			sourceTree = "<group>";
		};
		774B7C842C9AAFD0000675FA /* Frameworks */ = {
			isa = PBXGroup;
			children = (
				774B7C852C9AAFD0000675FA /* AtomicTransact.xcframework */,
			);
			name = Frameworks;
			sourceTree = "<group>";
		};
		777F620A2C6A23E700A342AD /* Model */ = {
			isa = PBXGroup;
			children = (
				777F62092C6A23E700A342AD /* FailureModel.swift */,
			);
			path = Model;
			sourceTree = "<group>";
		};
		777F620C2C6A23E700A342AD /* Util */ = {
			isa = PBXGroup;
			children = (
				777F620B2C6A23E700A342AD /* FailureViewControllerUtil.swift */,
			);
			path = Util;
			sourceTree = "<group>";
		};
		777F620F2C6A23E700A342AD /* ViewController */ = {
			isa = PBXGroup;
			children = (
				777F620D2C6A23E700A342AD /* FailureViewController.swift */,
				777F620E2C6A23E700A342AD /* FailureViewController.xib */,
			);
			path = ViewController;
			sourceTree = "<group>";
		};
		777F62112C6A23E700A342AD /* ViewModel */ = {
			isa = PBXGroup;
			children = (
				777F62102C6A23E700A342AD /* FailureViewModel.swift */,
			);
			path = ViewModel;
			sourceTree = "<group>";
		};
		777F62122C6A23E700A342AD /* FailureView */ = {
			isa = PBXGroup;
			children = (
				777F620A2C6A23E700A342AD /* Model */,
				777F620C2C6A23E700A342AD /* Util */,
				777F620F2C6A23E700A342AD /* ViewController */,
				777F62112C6A23E700A342AD /* ViewModel */,
			);
			path = FailureView;
			sourceTree = "<group>";
		};
		F412B8E72C5A0F9D00A27CC7 /* Model */ = {
			isa = PBXGroup;
			children = (
				F4C6E5852C579CE000723739 /* TransferModel.swift */,
			);
			path = Model;
			sourceTree = "<group>";
		};
		F414C2CA2C610B1C00A7ACAD /* ViewModel */ = {
			isa = PBXGroup;
			children = (
				F414C2C92C610B1C00A7ACAD /* ConnectTransferViewModel.swift */,
			);
			path = ViewModel;
			sourceTree = "<group>";
		};
		F414C2CE2C610B4200A7ACAD /* View */ = {
			isa = PBXGroup;
			children = (
				F414C2CC2C610B4200A7ACAD /* NavigationView.swift */,
				F414C2CD2C610B4200A7ACAD /* NavigationView.xib */,
			);
			path = View;
			sourceTree = "<group>";
		};
		F414C2CF2C610B4200A7ACAD /* NavigationView */ = {
			isa = PBXGroup;
			children = (
				F414C2CE2C610B4200A7ACAD /* View */,
			);
			path = NavigationView;
			sourceTree = "<group>";
		};
		F414C2D22C610B4200A7ACAD /* View */ = {
			isa = PBXGroup;
			children = (
				F414C2D02C610B4200A7ACAD /* PoweredByView.swift */,
				F414C2D12C610B4200A7ACAD /* PoweredByView.xib */,
			);
			path = View;
			sourceTree = "<group>";
		};
		F414C2D32C610B4200A7ACAD /* PoweredByView */ = {
			isa = PBXGroup;
			children = (
				F414C2D22C610B4200A7ACAD /* View */,
			);
			path = PoweredByView;
			sourceTree = "<group>";
		};
		F414C2DD2C61117A00A7ACAD /* Extensions */ = {
			isa = PBXGroup;
			children = (
				F414C2DE2C611BFD00A7ACAD /* UIApplication+Extension.swift */,
				F414C2E02C611C4800A7ACAD /* UIImage+Extension.swift */,
				F414C2E22C611C6200A7ACAD /* UIImageView+Extension.swift */,
				F414C2E42C611C8200A7ACAD /* UITapGestureRecognizer+Extension.swift */,
				F4F519322C64CA8E00557516 /* UIView+Extension.swift */,
				F411D73E2C6A53BA00BE39C2 /* Bundle+Extension.swift */,
				F488997A2C7757B100639FFF /* URLQueryItem+Extension.swift */,
			);
			path = Extensions;
			sourceTree = "<group>";
		};
		F48899732C7756F500639FFF /* Config */ = {
			isa = PBXGroup;
			children = (
				F48899742C77570B00639FFF /* ConnectTransferEventConfig.swift */,
			);
			path = Config;
			sourceTree = "<group>";
		};
		F4C6E58B2C57AE8B00723739 /* ConnectTransferView */ = {
			isa = PBXGroup;
			children = (
				F48899732C7756F500639FFF /* Config */,
				F414C2CA2C610B1C00A7ACAD /* ViewModel */,
				F412B8E72C5A0F9D00A27CC7 /* Model */,
				F4C6E58C2C57AEB100723739 /* Util */,
				F4C6E58E2C57AEC900723739 /* ViewController */,
			);
			path = ConnectTransferView;
			sourceTree = "<group>";
		};
		F4C6E58C2C57AEB100723739 /* Util */ = {
			isa = PBXGroup;
			children = (
				F4C6E5882C579DB000723739 /* TransferViewControllerUtil.swift */,
			);
			path = Util;
			sourceTree = "<group>";
		};
		F4C6E58E2C57AEC900723739 /* ViewController */ = {
			isa = PBXGroup;
			children = (
				F4C6E57F2C57696900723739 /* ConnectTransferViewController.swift */,
				F4C6E5802C57696900723739 /* ConnectTransferViewController.xib */,
				F48899772C77577000639FFF /* ConnectTransferViewController+RedirectViewDelegate.swift */,
			);
			path = ViewController;
			sourceTree = "<group>";
		};
		F4C6E5972C57C16000723739 /* ConnectTransferRedirectView */ = {
			isa = PBXGroup;
			children = (
				F4F519352C65F00A00557516 /* ViewModel */,
				F4C6E5982C57C17800723739 /* ViewController */,
			);
			path = ConnectTransferRedirectView;
			sourceTree = "<group>";
		};
		F4C6E5982C57C17800723739 /* ViewController */ = {
			isa = PBXGroup;
			children = (
				F4C6E5992C57C19300723739 /* ConnectTransferRedirectViewController.swift */,
				F4C6E59A2C57C19300723739 /* ConnectTransferRedirectViewController.xib */,
				F44A60392C81EB3400B5200A /* ConnectTransferRedirectViewController+DepositSwitchFlow.swift */,
			);
			path = ViewController;
			sourceTree = "<group>";
		};
		F4F519212C64A18300557516 /* ExitPopUpView */ = {
			isa = PBXGroup;
			children = (
				F4F5192A2C64C18300557516 /* Util */,
				F4F5192E2C64C8A100557516 /* ViewModel */,
				F4F519232C64A19600557516 /* ViewController */,
			);
			path = ExitPopUpView;
			sourceTree = "<group>";
		};
		F4F519232C64A19600557516 /* ViewController */ = {
			isa = PBXGroup;
			children = (
				F4F519242C64A32F00557516 /* ExitPopUpViewController.swift */,
				F4F519252C64A32F00557516 /* ExitPopUpViewController.xib */,
			);
			path = ViewController;
			sourceTree = "<group>";
		};
		F4F5192A2C64C18300557516 /* Util */ = {
			isa = PBXGroup;
			children = (
				F4F5192B2C64C1B700557516 /* ExitPopUpViewControllerUtil.swift */,
			);
			path = Util;
			sourceTree = "<group>";
		};
		F4F5192E2C64C8A100557516 /* ViewModel */ = {
			isa = PBXGroup;
			children = (
				F4F5192F2C64C8B400557516 /* ExitPopUpViewModel.swift */,
			);
			path = ViewModel;
			sourceTree = "<group>";
		};
		F4F519352C65F00A00557516 /* ViewModel */ = {
			isa = PBXGroup;
			children = (
				F4F519362C65F02E00557516 /* ConnectTransferRedirectViewModel.swift */,
			);
			path = ViewModel;
			sourceTree = "<group>";
		};
/* End PBXGroup section */

/* Begin PBXHeadersBuildPhase section */
		6B94CDD523A819F20077D65A /* Headers */ = {
			isa = PBXHeadersBuildPhase;
			buildActionMask = 2147483647;
			files = (
				77B3C23C2C7F38F400D6FDF3 /* ConnectTransfer.h in Headers */,
			);
			runOnlyForDeploymentPostprocessing = 0;
		};
/* End PBXHeadersBuildPhase section */

/* Begin PBXNativeTarget section */
		213423482583F6D200C06BB8 /* TestApp */ = {
			isa = PBXNativeTarget;
			buildConfigurationList = 2134235C2583F6D300C06BB8 /* Build configuration list for PBXNativeTarget "TestApp" */;
			buildPhases = (
				213423452583F6D200C06BB8 /* Sources */,
				213423462583F6D200C06BB8 /* Frameworks */,
				213423472583F6D200C06BB8 /* Resources */,
				777E4AED29EEE66400188FD9 /* Embed Frameworks */,
			);
			buildRules = (
			);
			dependencies = (
			);
			name = TestApp;
			packageProductDependencies = (
			);
			productName = TestApp;
			productReference = 213423492583F6D200C06BB8 /* TestApp.app */;
			productType = "com.apple.product-type.application";
		};
		214B5BE925895E9F00FA6A1E /* TestAppUITests */ = {
			isa = PBXNativeTarget;
			buildConfigurationList = 214B5BF325895E9F00FA6A1E /* Build configuration list for PBXNativeTarget "TestAppUITests" */;
			buildPhases = (
				214B5BE625895E9F00FA6A1E /* Sources */,
				214B5BE725895E9F00FA6A1E /* Frameworks */,
				214B5BE825895E9F00FA6A1E /* Resources */,
				774B7C902C9C0174000675FA /* Embed Frameworks */,
			);
			buildRules = (
			);
			dependencies = (
				77C97BB72C8B3E0200670E58 /* PBXTargetDependency */,
				214B5BF025895E9F00FA6A1E /* PBXTargetDependency */,
				774B7C942C9C0183000675FA /* PBXTargetDependency */,
			);
			name = TestAppUITests;
			productName = TestAppUITests;
			productReference = 214B5BEA25895E9F00FA6A1E /* TestAppUITests.xctest */;
			productType = "com.apple.product-type.bundle.ui-testing";
		};
		6B94CDD923A819F20077D65A /* ConnectTransfer */ = {
			isa = PBXNativeTarget;
			buildConfigurationList = 6B94CDEE23A819F30077D65A /* Build configuration list for PBXNativeTarget "ConnectTransfer" */;
			buildPhases = (
				6B94CDD523A819F20077D65A /* Headers */,
				6B94CDD623A819F20077D65A /* Sources */,
				6B94CDD723A819F20077D65A /* Frameworks */,
				6B94CDD823A819F20077D65A /* Resources */,
				774B7C882C9AAFD0000675FA /* Embed Frameworks */,
			);
			buildRules = (
			);
			dependencies = (
			);
			name = ConnectTransfer;
			packageProductDependencies = (
			);
			productName = Connect;
			productReference = 6B94CDDA23A819F20077D65A /* ConnectTransfer.framework */;
			productType = "com.apple.product-type.framework";
		};
		6B94CDE223A819F30077D65A /* ConnectTransferTests */ = {
			isa = PBXNativeTarget;
			buildConfigurationList = 6B94CDF123A819F30077D65A /* Build configuration list for PBXNativeTarget "ConnectTransferTests" */;
			buildPhases = (
				6B94CDDF23A819F30077D65A /* Sources */,
				6B94CDE023A819F30077D65A /* Frameworks */,
				6B94CDE123A819F30077D65A /* Resources */,
				774B7C972C9C018E000675FA /* Embed Frameworks */,
			);
			buildRules = (
			);
			dependencies = (
				6B94CDE623A819F30077D65A /* PBXTargetDependency */,
				213423622583F7DE00C06BB8 /* PBXTargetDependency */,
			);
			name = ConnectTransferTests;
			productName = ConnectTests;
			productReference = 6B94CDE323A819F30077D65A /* ConnectTransferTests.xctest */;
			productType = "com.apple.product-type.bundle.unit-test";
		};
/* End PBXNativeTarget section */

/* Begin PBXProject section */
		6B94CDD123A819F20077D65A /* Project object */ = {
			isa = PBXProject;
			attributes = {
				BuildIndependentTargetsInParallel = YES;
				LastSwiftUpdateCheck = 1400;
				LastUpgradeCheck = 1530;
				ORGANIZATIONNAME = finicity;
				TargetAttributes = {
					213423482583F6D200C06BB8 = {
						CreatedOnToolsVersion = 12.1;
					};
					214B5BE925895E9F00FA6A1E = {
						CreatedOnToolsVersion = 12.1;
						TestTargetID = 213423482583F6D200C06BB8;
					};
					6B94CDD923A819F20077D65A = {
						CreatedOnToolsVersion = 11.3;
						LastSwiftMigration = 1130;
					};
					6B94CDE223A819F30077D65A = {
						CreatedOnToolsVersion = 11.3;
					};
					6BAE6BA02514ED9900D5C059 = {
						CreatedOnToolsVersion = 11.3;
					};
				};
			};
			buildConfigurationList = 6B94CDD423A819F20077D65A /* Build configuration list for PBXProject "ConnectTransfer" */;
			compatibilityVersion = "Xcode 14.0";
			developmentRegion = en;
			hasScannedForEncodings = 0;
			knownRegions = (
				en,
				Base,
				es,
			);
			mainGroup = 6B94CDD023A819F20077D65A;
			packageReferences = (
			);
			productRefGroup = 6B94CDDB23A819F20077D65A /* Products */;
			projectDirPath = "";
			projectRoot = "";
			targets = (
				6B94CDD923A819F20077D65A /* ConnectTransfer */,
				6B94CDE223A819F30077D65A /* ConnectTransferTests */,
				6BAE6BA02514ED9900D5C059 /* Universal-ConnectTransfer */,
				213423482583F6D200C06BB8 /* TestApp */,
				214B5BE925895E9F00FA6A1E /* TestAppUITests */,
			);
		};
/* End PBXProject section */

/* Begin PBXResourcesBuildPhase section */
		213423472583F6D200C06BB8 /* Resources */ = {
			isa = PBXResourcesBuildPhase;
			buildActionMask = 2147483647;
			files = (
				213423582583F6D300C06BB8 /* LaunchScreen.storyboard in Resources */,
				213423552583F6D300C06BB8 /* Assets.xcassets in Resources */,
				F40A9D712CA1417D0066D7B5 /* Localizable.xcstrings in Resources */,
				777F621B2C6A262500A342AD /* FailureViewController.xib in Resources */,
				213423532583F6D200C06BB8 /* Main.storyboard in Resources */,
				F4EF923D2C638B96009F3A13 /* ConnectMedia.xcassets in Resources */,
			);
			runOnlyForDeploymentPostprocessing = 0;
		};
		214B5BE825895E9F00FA6A1E /* Resources */ = {
			isa = PBXResourcesBuildPhase;
			buildActionMask = 2147483647;
			files = (
			);
			runOnlyForDeploymentPostprocessing = 0;
		};
		6B94CDD823A819F20077D65A /* Resources */ = {
			isa = PBXResourcesBuildPhase;
			buildActionMask = 2147483647;
			files = (
				F414C2D72C610B4200A7ACAD /* PoweredByView.xib in Resources */,
				F4C6E5822C57696900723739 /* ConnectTransferViewController.xib in Resources */,
				F414C2D52C610B4200A7ACAD /* NavigationView.xib in Resources */,
				77EF09E32BCEC77300F5C0E5 /* PrivacyInfo.xcprivacy in Resources */,
				F4C6E59C2C57C19300723739 /* ConnectTransferRedirectViewController.xib in Resources */,
				777F62162C6A23E700A342AD /* FailureViewController.xib in Resources */,
				F411D73C2C66903B00BE39C2 /* Localizable.xcstrings in Resources */,
				F4F519272C64A32F00557516 /* ExitPopUpViewController.xib in Resources */,
			);
			runOnlyForDeploymentPostprocessing = 0;
		};
		6B94CDE123A819F30077D65A /* Resources */ = {
			isa = PBXResourcesBuildPhase;
			buildActionMask = 2147483647;
			files = (
			);
			runOnlyForDeploymentPostprocessing = 0;
		};
/* End PBXResourcesBuildPhase section */

/* Begin PBXShellScriptBuildPhase section */
		6BAE6BA42514EDE100D5C059 /* Run Script */ = {
			isa = PBXShellScriptBuildPhase;
			buildActionMask = 2147483647;
			files = (
			);
			inputFileListPaths = (
			);
			inputPaths = (
			);
			name = "Run Script";
			outputFileListPaths = (
			);
			outputPaths = (
			);
			runOnlyForDeploymentPostprocessing = 0;
			shellPath = /bin/sh;
			shellScript = "# Set bash script to exit immediately if any commands fail.\nset -e\n# Setup some constants for use later on.\nFRAMEWORK_NAME=\"Connect\"\nOUTPUT_DIR=\"${SRCROOT}/build\"\n\n# If remains from a previous build exist,delete them.\nif [ -d \"${OUTPUT_DIR}\" ]; then\nrm -rf \"${OUTPUT_DIR}\"\nfi\n\n# Build the framework for device and for simulator.\necho \"Building for device\"\nxcodebuild -project \"${FRAMEWORK_NAME}.xcodeproj\" -scheme \"${FRAMEWORK_NAME}\" -configuration Release -arch arm64 -arch arm64e only_active_arch=no defines_module=yes -sdk \"iphoneos\" -derivedDataPath \"${OUTPUT_DIR}\"\necho \"Building for Simulator\"\nxcodebuild -project \"${FRAMEWORK_NAME}.xcodeproj\" -scheme \"${FRAMEWORK_NAME}\" -configuration Release -arch x86_64 only_active_arch=no defines_module=yes -sdk \"iphonesimulator\" -derivedDataPath \"${OUTPUT_DIR}\"\n# Remove .framework file if exists from previous run.\nif [ -d \"${OUTPUT_DIR}/${FRAMEWORK_NAME}.framework\" ]; then\nrm -rf \"${OUTPUT_DIR}/${FRAMEWORK_NAME}.framework\"\nfi\n# Copy the device version of framework.\ncp -r \"${OUTPUT_DIR}/Build/Products/Release-iphoneos/${FRAMEWORK_NAME}.framework\" \"${OUTPUT_DIR}/${FRAMEWORK_NAME}.framework\"\n# Merging the device and simulator frameworks' executables with \n# lipo.\nlipo -create -output \"${OUTPUT_DIR}/${FRAMEWORK_NAME}.framework/${FRAMEWORK_NAME}\" \"${OUTPUT_DIR}/Build/Products/Release-iphoneos/${FRAMEWORK_NAME}.framework/${FRAMEWORK_NAME}\" \"${OUTPUT_DIR}/Build/Products/Release-iphonesimulator/${FRAMEWORK_NAME}.framework/${FRAMEWORK_NAME}\"\n# Copy Swift module mappings for simulator into the framework. \ncp -r \"${OUTPUT_DIR}/Build/Products/Release-iphonesimulator/${FRAMEWORK_NAME}.framework/Modules/${FRAMEWORK_NAME}.swiftmodule/\" \"${OUTPUT_DIR}/${FRAMEWORK_NAME}.framework/Modules/${FRAMEWORK_NAME}.swiftmodule\"\ncp -r \"${OUTPUT_DIR}/Build/Products/Release-iphoneos/${FRAMEWORK_NAME}.framework/Modules/${FRAMEWORK_NAME}.swiftmodule/\" \"${OUTPUT_DIR}/${FRAMEWORK_NAME}.framework/Modules/${FRAMEWORK_NAME}.swiftmodule\"\n\n# Create new combined simulator and device swift header file.\nCOMBINED_PATH=\"${BUILD_DIR}/iOS + iOS Simulator/${PROJECT_NAME}-Swift.h\"\nmkdir -p \"${BUILD_DIR}/iOS + iOS Simulator/\"\ntouch \"${COMBINED_PATH}\"\necho \"#ifndef TARGET_OS_SIMULATOR\\n#include <TargetConditionals.h>\\n#endif\\n#if TARGET_OS_SIMULATOR\" >> \"${COMBINED_PATH}\"\ncat \"${OUTPUT_DIR}/Build/Products/Release-iphonesimulator/${FRAMEWORK_NAME}.framework/Headers/${FRAMEWORK_NAME}-Swift.h\" >> \"${COMBINED_PATH}\"\necho \"#else\" >> \"${COMBINED_PATH}\"\necho \"//Start of iphoneos\" >> \"${COMBINED_PATH}\"\ncat \"${OUTPUT_DIR}/Build/Products/Release-iphoneos/${FRAMEWORK_NAME}.framework/Headers/${FRAMEWORK_NAME}-Swift.h\" >> \"${COMBINED_PATH}\"\necho \"#endif\" >> \"${COMBINED_PATH}\"\n# Overwrite generated -Swift.h file with combined -Swift.h file \ncat \"$COMBINED_PATH\" > \"${OUTPUT_DIR}/${FRAMEWORK_NAME}.framework/Headers/${FRAMEWORK_NAME}-Swift.h\"\n#Optional Step to copy the framework to root folder\ncp -r \"${OUTPUT_DIR}/${FRAMEWORK_NAME}.framework\" \"${SRCROOT}\"\nrm -rf \"${SRCROOT}/${FRAMEWORK_NAME}.framework/Modules/Connect.swiftmodule/Project\"\n";
		};
/* End PBXShellScriptBuildPhase section */

/* Begin PBXSourcesBuildPhase section */
		213423452583F6D200C06BB8 /* Sources */ = {
			isa = PBXSourcesBuildPhase;
			buildActionMask = 2147483647;
			files = (
				F44A603B2C81EE7000B5200A /* ConnectTransferRedirectViewController+DepositSwitchFlow.swift in Sources */,
				777F62192C6A261F00A342AD /* FailureViewControllerUtil.swift in Sources */,
				F411D7402C6A540900BE39C2 /* Bundle+Extension.swift in Sources */,
				F4F519382C65F05000557516 /* ConnectTransferRedirectViewModel.swift in Sources */,
				F4F519342C64CB0900557516 /* UIView+Extension.swift in Sources */,
				F4F519312C64C92B00557516 /* ExitPopUpViewModel.swift in Sources */,
				F4F5192D2C64C52400557516 /* ExitPopUpViewControllerUtil.swift in Sources */,
				F4F519282C64B3CF00557516 /* ExitPopUpViewController.swift in Sources */,
				F4F519292C64B3CF00557516 /* ExitPopUpViewController.xib in Sources */,
				F48899792C77577100639FFF /* ConnectTransferViewController+RedirectViewDelegate.swift in Sources */,
				F414C2E62C611CCC00A7ACAD /* UIApplication+Extension.swift in Sources */,
				F414C2E72C611CCC00A7ACAD /* UIImage+Extension.swift in Sources */,
				777F621A2C6A262200A342AD /* FailureViewController.swift in Sources */,
				F414C2E82C611CCC00A7ACAD /* UIImageView+Extension.swift in Sources */,
				F414C2E92C611CCC00A7ACAD /* UITapGestureRecognizer+Extension.swift in Sources */,
				F414C2D82C610C9400A7ACAD /* ConnectTransferViewModel.swift in Sources */,
				F414C2D92C610C9400A7ACAD /* NavigationView.swift in Sources */,
				777F62182C6A261C00A342AD /* FailureModel.swift in Sources */,
				F414C2DA2C610C9400A7ACAD /* NavigationView.xib in Sources */,
				F488997C2C7757B100639FFF /* URLQueryItem+Extension.swift in Sources */,
				F414C2DB2C610C9400A7ACAD /* PoweredByView.swift in Sources */,
				F414C2DC2C610C9400A7ACAD /* PoweredByView.xib in Sources */,
				F4C6E5A02C57CE2E00723739 /* ConnectTransferRedirectViewController.swift in Sources */,
				F4C6E5A12C57CE2E00723739 /* ConnectTransferRedirectViewController.xib in Sources */,
				F4C6E58A2C579E8200723739 /* TransferViewControllerUtil.swift in Sources */,
				F4C6E5872C579D4C00723739 /* TransferModel.swift in Sources */,
				F4C6E5832C57698D00723739 /* ConnectTransferViewController.swift in Sources */,
				F4C6E5842C57698D00723739 /* ConnectTransferViewController.xib in Sources */,
				F4CF3FF12C53B106006CA1E1 /* Helper.swift in Sources */,
				F48899762C77570B00639FFF /* ConnectTransferEventConfig.swift in Sources */,
				213423502583F6D200C06BB8 /* ViewController.swift in Sources */,
				2134234C2583F6D200C06BB8 /* AppDelegate.swift in Sources */,
				777F621C2C6A262900A342AD /* FailureViewModel.swift in Sources */,
				2134234E2583F6D200C06BB8 /* SceneDelegate.swift in Sources */,
				216D037F258942E900342EF5 /* AccessibilityIdentifier.swift in Sources */,
			);
			runOnlyForDeploymentPostprocessing = 0;
		};
		214B5BE625895E9F00FA6A1E /* Sources */ = {
			isa = PBXSourcesBuildPhase;
			buildActionMask = 2147483647;
			files = (
				770DCFB12B8CAD9800CBBAF4 /* Model.swift in Sources */,
				770DCFB22B8CAD9800CBBAF4 /* MastercardOpenBankingConnect.swift in Sources */,
				770DCFB32B8CAD9800CBBAF4 /* MastercardOpenBankingConnectAPI.swift in Sources */,
				214B5BED25895E9F00FA6A1E /* TestAppUITests.swift in Sources */,
				214B5C052589655400FA6A1E /* AccessibilityIdentifier.swift in Sources */,
				770DCFB42B8CAD9800CBBAF4 /* Config.swift in Sources */,
			);
			runOnlyForDeploymentPostprocessing = 0;
		};
		6B94CDD623A819F20077D65A /* Sources */ = {
			isa = PBXSourcesBuildPhase;
			buildActionMask = 2147483647;
			files = (
				F4EF923B2C638A5C009F3A13 /* ConnectMedia.xcassets in Sources */,
				777F62172C6A23E700A342AD /* FailureViewModel.swift in Sources */,
				F4C6E5892C579DB000723739 /* TransferViewControllerUtil.swift in Sources */,
				F4F519372C65F02E00557516 /* ConnectTransferRedirectViewModel.swift in Sources */,
				F48899752C77570B00639FFF /* ConnectTransferEventConfig.swift in Sources */,
				F4F5192C2C64C1B700557516 /* ExitPopUpViewControllerUtil.swift in Sources */,
				F414C2CB2C610B1C00A7ACAD /* ConnectTransferViewModel.swift in Sources */,
				F48899782C77577100639FFF /* ConnectTransferViewController+RedirectViewDelegate.swift in Sources */,
				777F62142C6A23E700A342AD /* FailureViewControllerUtil.swift in Sources */,
				F4C6E5812C57696900723739 /* ConnectTransferViewController.swift in Sources */,
				777F62132C6A23E700A342AD /* FailureModel.swift in Sources */,
				777F62152C6A23E700A342AD /* FailureViewController.swift in Sources */,
				F411D73F2C6A53BA00BE39C2 /* Bundle+Extension.swift in Sources */,
				F414C2E52C611C8200A7ACAD /* UITapGestureRecognizer+Extension.swift in Sources */,
				F44A603A2C81EB3400B5200A /* ConnectTransferRedirectViewController+DepositSwitchFlow.swift in Sources */,
				F414C2D42C610B4200A7ACAD /* NavigationView.swift in Sources */,
				F414C2D62C610B4200A7ACAD /* PoweredByView.swift in Sources */,
				F414C2E12C611C4800A7ACAD /* UIImage+Extension.swift in Sources */,
				F4F519302C64C8B400557516 /* ExitPopUpViewModel.swift in Sources */,
				F4C6E59B2C57C19300723739 /* ConnectTransferRedirectViewController.swift in Sources */,
				F4F519332C64CA8E00557516 /* UIView+Extension.swift in Sources */,
				F4CF3FF02C53AF0C006CA1E1 /* Helper.swift in Sources */,
				F414C2DF2C611BFD00A7ACAD /* UIApplication+Extension.swift in Sources */,
				F4F519262C64A32F00557516 /* ExitPopUpViewController.swift in Sources */,
				F414C2E32C611C6200A7ACAD /* UIImageView+Extension.swift in Sources */,
				F4C6E5862C579CE000723739 /* TransferModel.swift in Sources */,
				F488997B2C7757B100639FFF /* URLQueryItem+Extension.swift in Sources */,
			);
			runOnlyForDeploymentPostprocessing = 0;
		};
		6B94CDDF23A819F30077D65A /* Sources */ = {
			isa = PBXSourcesBuildPhase;
			buildActionMask = 2147483647;
			files = (
				6B94CDE923A819F30077D65A /* ConnectTransferTests.swift in Sources */,
			);
			runOnlyForDeploymentPostprocessing = 0;
		};
/* End PBXSourcesBuildPhase section */

/* Begin PBXTargetDependency section */
		213423622583F7DE00C06BB8 /* PBXTargetDependency */ = {
			isa = PBXTargetDependency;
			target = 213423482583F6D200C06BB8 /* TestApp */;
			targetProxy = 213423612583F7DE00C06BB8 /* PBXContainerItemProxy */;
		};
		214B5BF025895E9F00FA6A1E /* PBXTargetDependency */ = {
			isa = PBXTargetDependency;
			target = 213423482583F6D200C06BB8 /* TestApp */;
			targetProxy = 214B5BEF25895E9F00FA6A1E /* PBXContainerItemProxy */;
		};
		6B94CDE623A819F30077D65A /* PBXTargetDependency */ = {
			isa = PBXTargetDependency;
			target = 6B94CDD923A819F20077D65A /* ConnectTransfer */;
			targetProxy = 6B94CDE523A819F30077D65A /* PBXContainerItemProxy */;
		};
		774B7C942C9C0183000675FA /* PBXTargetDependency */ = {
			isa = PBXTargetDependency;
			platformFilter = ios;
			target = 6B94CDD923A819F20077D65A /* ConnectTransfer */;
			targetProxy = 774B7C932C9C0183000675FA /* PBXContainerItemProxy */;
		};
		77C97BB72C8B3E0200670E58 /* PBXTargetDependency */ = {
			isa = PBXTargetDependency;
			target = 6B94CDD923A819F20077D65A /* ConnectTransfer */;
			targetProxy = 77C97BB62C8B3E0200670E58 /* PBXContainerItemProxy */;
		};
/* End PBXTargetDependency section */

/* Begin PBXVariantGroup section */
		213423512583F6D200C06BB8 /* Main.storyboard */ = {
			isa = PBXVariantGroup;
			children = (
				213423522583F6D200C06BB8 /* Base */,
			);
			name = Main.storyboard;
			sourceTree = "<group>";
		};
		213423562583F6D300C06BB8 /* LaunchScreen.storyboard */ = {
			isa = PBXVariantGroup;
			children = (
				213423572583F6D300C06BB8 /* Base */,
			);
			name = LaunchScreen.storyboard;
			sourceTree = "<group>";
		};
/* End PBXVariantGroup section */

/* Begin XCBuildConfiguration section */
		2134235A2583F6D300C06BB8 /* Debug */ = {
			isa = XCBuildConfiguration;
			buildSettings = {
				ALWAYS_EMBED_SWIFT_STANDARD_LIBRARIES = YES;
				ASSETCATALOG_COMPILER_APPICON_NAME = AppIcon;
				ASSETCATALOG_COMPILER_GLOBAL_ACCENT_COLOR_NAME = AccentColor;
				CLANG_WARN_QUOTED_INCLUDE_IN_FRAMEWORK_HEADER = YES;
				CODE_SIGN_ENTITLEMENTS = TestApp/TestApp.entitlements;
				CODE_SIGN_IDENTITY = "Apple Development";
				CODE_SIGN_STYLE = Automatic;
				DEVELOPMENT_TEAM = 5R8RGDXM32;
				EXCLUDED_ARCHS = "";
				INFOPLIST_FILE = TestApp/Info.plist;
				IPHONEOS_DEPLOYMENT_TARGET = 15.6;
				LD_RUNPATH_SEARCH_PATHS = (
					"$(inherited)",
					"@executable_path/Frameworks",
				);
				ONLY_ACTIVE_ARCH = YES;
				PRODUCT_BUNDLE_IDENTIFIER = com.mastercard.openbanking.connectwrapper;
				PRODUCT_NAME = "$(TARGET_NAME)";
				PROVISIONING_PROFILE_SPECIFIER = "";
				SUPPORTED_PLATFORMS = "iphoneos iphonesimulator";
				SUPPORTS_MACCATALYST = NO;
				SUPPORTS_MAC_DESIGNED_FOR_IPHONE_IPAD = NO;
				SUPPORTS_XR_DESIGNED_FOR_IPHONE_IPAD = NO;
				SWIFT_VERSION = 5.0;
				TARGETED_DEVICE_FAMILY = "1,2";
			};
			name = Debug;
		};
		2134235B2583F6D300C06BB8 /* Release */ = {
			isa = XCBuildConfiguration;
			buildSettings = {
				ALWAYS_EMBED_SWIFT_STANDARD_LIBRARIES = YES;
				ASSETCATALOG_COMPILER_APPICON_NAME = AppIcon;
				ASSETCATALOG_COMPILER_GLOBAL_ACCENT_COLOR_NAME = AccentColor;
				CLANG_WARN_QUOTED_INCLUDE_IN_FRAMEWORK_HEADER = YES;
				CODE_SIGN_ENTITLEMENTS = TestApp/TestApp.entitlements;
				CODE_SIGN_IDENTITY = "Apple Development";
				CODE_SIGN_STYLE = Automatic;
				DEVELOPMENT_TEAM = 5R8RGDXM32;
				EXCLUDED_ARCHS = "";
				INFOPLIST_FILE = TestApp/Info.plist;
				IPHONEOS_DEPLOYMENT_TARGET = 15.6;
				LD_RUNPATH_SEARCH_PATHS = (
					"$(inherited)",
					"@executable_path/Frameworks",
				);
				ONLY_ACTIVE_ARCH = YES;
				PRODUCT_BUNDLE_IDENTIFIER = com.mastercard.openbanking.connectwrapper;
				PRODUCT_NAME = "$(TARGET_NAME)";
				PROVISIONING_PROFILE_SPECIFIER = "";
				SUPPORTED_PLATFORMS = "iphoneos iphonesimulator";
				SUPPORTS_MACCATALYST = NO;
				SUPPORTS_MAC_DESIGNED_FOR_IPHONE_IPAD = NO;
				SUPPORTS_XR_DESIGNED_FOR_IPHONE_IPAD = NO;
				SWIFT_VERSION = 5.0;
				TARGETED_DEVICE_FAMILY = "1,2";
			};
			name = Release;
		};
		214B5BF125895E9F00FA6A1E /* Debug */ = {
			isa = XCBuildConfiguration;
			buildSettings = {
				ALWAYS_EMBED_SWIFT_STANDARD_LIBRARIES = YES;
				CLANG_WARN_QUOTED_INCLUDE_IN_FRAMEWORK_HEADER = YES;
				CODE_SIGN_STYLE = Automatic;
				DEVELOPMENT_TEAM = 5R8RGDXM32;
				FRAMEWORK_SEARCH_PATHS = "";
				INFOPLIST_FILE = TestAppUITests/Info.plist;
				IPHONEOS_DEPLOYMENT_TARGET = 15.6;
				LD_RUNPATH_SEARCH_PATHS = (
					"$(inherited)",
					"@executable_path/Frameworks",
					"@loader_path/Frameworks",
				);
				ONLY_ACTIVE_ARCH = YES;
				PRODUCT_BUNDLE_IDENTIFIER = com.mastercard.openbanking.testappuitests;
				PRODUCT_NAME = "$(TARGET_NAME)";
				SWIFT_VERSION = 5.0;
				TARGETED_DEVICE_FAMILY = "1,2";
				TEST_TARGET_NAME = TestApp;
			};
			name = Debug;
		};
		214B5BF225895E9F00FA6A1E /* Release */ = {
			isa = XCBuildConfiguration;
			buildSettings = {
				ALWAYS_EMBED_SWIFT_STANDARD_LIBRARIES = YES;
				CLANG_WARN_QUOTED_INCLUDE_IN_FRAMEWORK_HEADER = YES;
				CODE_SIGN_STYLE = Automatic;
				DEVELOPMENT_TEAM = 5R8RGDXM32;
				FRAMEWORK_SEARCH_PATHS = "";
				INFOPLIST_FILE = TestAppUITests/Info.plist;
				IPHONEOS_DEPLOYMENT_TARGET = 15.6;
				LD_RUNPATH_SEARCH_PATHS = (
					"$(inherited)",
					"@executable_path/Frameworks",
					"@loader_path/Frameworks",
				);
				PRODUCT_BUNDLE_IDENTIFIER = com.mastercard.openbanking.testappuitests;
				PRODUCT_NAME = "$(TARGET_NAME)";
				SWIFT_VERSION = 5.0;
				TARGETED_DEVICE_FAMILY = "1,2";
				TEST_TARGET_NAME = TestApp;
			};
			name = Release;
		};
		6B94CDEC23A819F30077D65A /* Debug */ = {
			isa = XCBuildConfiguration;
			buildSettings = {
				ALWAYS_SEARCH_USER_PATHS = NO;
				ARCHS = "$(ARCHS_STANDARD)";
				BUILD_LIBRARY_FOR_DISTRIBUTION = YES;
				CLANG_ANALYZER_NONNULL = YES;
				CLANG_ANALYZER_NUMBER_OBJECT_CONVERSION = YES_AGGRESSIVE;
				CLANG_CXX_LANGUAGE_STANDARD = "gnu++14";
				CLANG_CXX_LIBRARY = "libc++";
				CLANG_ENABLE_MODULES = YES;
				CLANG_ENABLE_OBJC_ARC = YES;
				CLANG_ENABLE_OBJC_WEAK = YES;
				CLANG_WARN_BLOCK_CAPTURE_AUTORELEASING = YES;
				CLANG_WARN_BOOL_CONVERSION = YES;
				CLANG_WARN_COMMA = YES;
				CLANG_WARN_CONSTANT_CONVERSION = YES;
				CLANG_WARN_DEPRECATED_OBJC_IMPLEMENTATIONS = YES;
				CLANG_WARN_DIRECT_OBJC_ISA_USAGE = YES_ERROR;
				CLANG_WARN_DOCUMENTATION_COMMENTS = YES;
				CLANG_WARN_EMPTY_BODY = YES;
				CLANG_WARN_ENUM_CONVERSION = YES;
				CLANG_WARN_INFINITE_RECURSION = YES;
				CLANG_WARN_INT_CONVERSION = YES;
				CLANG_WARN_NON_LITERAL_NULL_CONVERSION = YES;
				CLANG_WARN_OBJC_IMPLICIT_RETAIN_SELF = YES;
				CLANG_WARN_OBJC_LITERAL_CONVERSION = YES;
				CLANG_WARN_OBJC_ROOT_CLASS = YES_ERROR;
				CLANG_WARN_QUOTED_INCLUDE_IN_FRAMEWORK_HEADER = YES;
				CLANG_WARN_RANGE_LOOP_ANALYSIS = YES;
				CLANG_WARN_STRICT_PROTOTYPES = YES;
				CLANG_WARN_SUSPICIOUS_MOVE = YES;
				CLANG_WARN_UNGUARDED_AVAILABILITY = YES_AGGRESSIVE;
				CLANG_WARN_UNREACHABLE_CODE = YES;
				CLANG_WARN__DUPLICATE_METHOD_MATCH = YES;
				COPY_PHASE_STRIP = NO;
				CURRENT_PROJECT_VERSION = 1;
				DEBUG_INFORMATION_FORMAT = dwarf;
				ENABLE_STRICT_OBJC_MSGSEND = YES;
				ENABLE_TESTABILITY = YES;
				ENABLE_USER_SCRIPT_SANDBOXING = YES;
				GCC_C_LANGUAGE_STANDARD = gnu11;
				GCC_DYNAMIC_NO_PIC = NO;
				GCC_NO_COMMON_BLOCKS = YES;
				GCC_OPTIMIZATION_LEVEL = 0;
				GCC_PREPROCESSOR_DEFINITIONS = (
					"DEBUG=1",
					"$(inherited)",
				);
				GCC_WARN_64_TO_32_BIT_CONVERSION = YES;
				GCC_WARN_ABOUT_RETURN_TYPE = YES_ERROR;
				GCC_WARN_UNDECLARED_SELECTOR = YES;
				GCC_WARN_UNINITIALIZED_AUTOS = YES_AGGRESSIVE;
				GCC_WARN_UNUSED_FUNCTION = YES;
				GCC_WARN_UNUSED_VARIABLE = YES;
				IPHONEOS_DEPLOYMENT_TARGET = 15.6;
				MTL_ENABLE_DEBUG_INFO = INCLUDE_SOURCE;
				MTL_FAST_MATH = YES;
				ONLY_ACTIVE_ARCH = NO;
				SDKROOT = iphoneos;
				SWIFT_ACTIVE_COMPILATION_CONDITIONS = DEBUG;
				SWIFT_OPTIMIZATION_LEVEL = "-Onone";
				TARGETED_DEVICE_FAMILY = 1;
				VALID_ARCHS = "arm64 arm64e x86_64";
				VERSIONING_SYSTEM = "apple-generic";
				VERSION_INFO_PREFIX = "";
			};
			name = Debug;
		};
		6B94CDED23A819F30077D65A /* Release */ = {
			isa = XCBuildConfiguration;
			buildSettings = {
				ALWAYS_SEARCH_USER_PATHS = NO;
				ARCHS = "$(ARCHS_STANDARD)";
				BUILD_LIBRARY_FOR_DISTRIBUTION = YES;
				CLANG_ANALYZER_NONNULL = YES;
				CLANG_ANALYZER_NUMBER_OBJECT_CONVERSION = YES_AGGRESSIVE;
				CLANG_CXX_LANGUAGE_STANDARD = "gnu++14";
				CLANG_CXX_LIBRARY = "libc++";
				CLANG_ENABLE_MODULES = YES;
				CLANG_ENABLE_OBJC_ARC = YES;
				CLANG_ENABLE_OBJC_WEAK = YES;
				CLANG_WARN_BLOCK_CAPTURE_AUTORELEASING = YES;
				CLANG_WARN_BOOL_CONVERSION = YES;
				CLANG_WARN_COMMA = YES;
				CLANG_WARN_CONSTANT_CONVERSION = YES;
				CLANG_WARN_DEPRECATED_OBJC_IMPLEMENTATIONS = YES;
				CLANG_WARN_DIRECT_OBJC_ISA_USAGE = YES_ERROR;
				CLANG_WARN_DOCUMENTATION_COMMENTS = YES;
				CLANG_WARN_EMPTY_BODY = YES;
				CLANG_WARN_ENUM_CONVERSION = YES;
				CLANG_WARN_INFINITE_RECURSION = YES;
				CLANG_WARN_INT_CONVERSION = YES;
				CLANG_WARN_NON_LITERAL_NULL_CONVERSION = YES;
				CLANG_WARN_OBJC_IMPLICIT_RETAIN_SELF = YES;
				CLANG_WARN_OBJC_LITERAL_CONVERSION = YES;
				CLANG_WARN_OBJC_ROOT_CLASS = YES_ERROR;
				CLANG_WARN_QUOTED_INCLUDE_IN_FRAMEWORK_HEADER = YES;
				CLANG_WARN_RANGE_LOOP_ANALYSIS = YES;
				CLANG_WARN_STRICT_PROTOTYPES = YES;
				CLANG_WARN_SUSPICIOUS_MOVE = YES;
				CLANG_WARN_UNGUARDED_AVAILABILITY = YES_AGGRESSIVE;
				CLANG_WARN_UNREACHABLE_CODE = YES;
				CLANG_WARN__DUPLICATE_METHOD_MATCH = YES;
				COPY_PHASE_STRIP = NO;
				CURRENT_PROJECT_VERSION = 1;
				DEBUG_INFORMATION_FORMAT = "dwarf-with-dsym";
				ENABLE_NS_ASSERTIONS = NO;
				ENABLE_STRICT_OBJC_MSGSEND = YES;
				ENABLE_USER_SCRIPT_SANDBOXING = YES;
				GCC_C_LANGUAGE_STANDARD = gnu11;
				GCC_NO_COMMON_BLOCKS = YES;
				GCC_WARN_64_TO_32_BIT_CONVERSION = YES;
				GCC_WARN_ABOUT_RETURN_TYPE = YES_ERROR;
				GCC_WARN_UNDECLARED_SELECTOR = YES;
				GCC_WARN_UNINITIALIZED_AUTOS = YES_AGGRESSIVE;
				GCC_WARN_UNUSED_FUNCTION = YES;
				GCC_WARN_UNUSED_VARIABLE = YES;
				IPHONEOS_DEPLOYMENT_TARGET = 15.6;
				MTL_ENABLE_DEBUG_INFO = NO;
				MTL_FAST_MATH = YES;
				ONLY_ACTIVE_ARCH = NO;
				SDKROOT = iphoneos;
				SWIFT_COMPILATION_MODE = wholemodule;
				SWIFT_OPTIMIZATION_LEVEL = "-O";
				TARGETED_DEVICE_FAMILY = 1;
				VALIDATE_PRODUCT = YES;
				VALID_ARCHS = "arm64 arm64e x86_64";
				VERSIONING_SYSTEM = "apple-generic";
				VERSION_INFO_PREFIX = "";
			};
			name = Release;
		};
		6B94CDEF23A819F30077D65A /* Debug */ = {
			isa = XCBuildConfiguration;
			buildSettings = {
				ALWAYS_EMBED_SWIFT_STANDARD_LIBRARIES = YES;
				ARCHS = "$(ARCHS_STANDARD)";
				BITCODE_GENERATION_MODE = marker;
				CLANG_ENABLE_MODULES = YES;
				CODE_SIGN_IDENTITY = "";
				CODE_SIGN_STYLE = Automatic;
				DEFINES_MODULE = YES;
				DEVELOPMENT_TEAM = 5R8RGDXM32;
				DYLIB_COMPATIBILITY_VERSION = 3;
				DYLIB_CURRENT_VERSION = 3;
				DYLIB_INSTALL_NAME_BASE = "@rpath";
				ENABLE_MODULE_VERIFIER = YES;
				INFOPLIST_FILE = ConnectTransfer/Info.plist;
				INSTALL_PATH = "$(LOCAL_LIBRARY_DIR)/Frameworks";
				IPHONEOS_DEPLOYMENT_TARGET = 15.6;
				LD_RUNPATH_SEARCH_PATHS = (
					"$(inherited)",
					"@executable_path/Frameworks",
					"@loader_path/Frameworks",
				);
				LD_VERIFY_BITCODE = NO;
				MARKETING_VERSION = 1.0.0;
				MODULE_VERIFIER_SUPPORTED_LANGUAGE_STANDARDS = "gnu11 gnu++14";
				NEW_SETTING = "";
				ONLY_ACTIVE_ARCH = YES;
				PRODUCT_BUNDLE_IDENTIFIER = com.mastercard.openbanking.connecttransfer;
				PRODUCT_NAME = "$(TARGET_NAME:c99extidentifier)";
				PROVISIONING_PROFILE_SPECIFIER = "";
				SKIP_INSTALL = YES;
				SUPPORTED_PLATFORMS = "iphoneos iphonesimulator";
				SUPPORTS_MACCATALYST = NO;
				SUPPORTS_MAC_DESIGNED_FOR_IPHONE_IPAD = NO;
				SUPPORTS_XR_DESIGNED_FOR_IPHONE_IPAD = NO;
				SWIFT_OPTIMIZATION_LEVEL = "-Onone";
				SWIFT_VERSION = 5.0;
				TARGETED_DEVICE_FAMILY = 1;
				VALID_ARCHS = "arm64 arm64e x86_64 armv7 armv7s";
			};
			name = Debug;
		};
		6B94CDF023A819F30077D65A /* Release */ = {
			isa = XCBuildConfiguration;
			buildSettings = {
				ALWAYS_EMBED_SWIFT_STANDARD_LIBRARIES = YES;
				ARCHS = "$(ARCHS_STANDARD)";
				BITCODE_GENERATION_MODE = bitcode;
				CLANG_ENABLE_MODULES = YES;
				CODE_SIGN_IDENTITY = "";
				CODE_SIGN_STYLE = Automatic;
				DEFINES_MODULE = YES;
				DEVELOPMENT_TEAM = 5R8RGDXM32;
				DYLIB_COMPATIBILITY_VERSION = 3;
				DYLIB_CURRENT_VERSION = 3;
				DYLIB_INSTALL_NAME_BASE = "@rpath";
				ENABLE_MODULE_VERIFIER = YES;
				INFOPLIST_FILE = ConnectTransfer/Info.plist;
				INSTALL_PATH = "$(LOCAL_LIBRARY_DIR)/Frameworks";
				IPHONEOS_DEPLOYMENT_TARGET = 15.6;
				LD_RUNPATH_SEARCH_PATHS = (
					"$(inherited)",
					"@executable_path/Frameworks",
					"@loader_path/Frameworks",
				);
				LD_VERIFY_BITCODE = NO;
				MARKETING_VERSION = 1.0.0;
				MODULE_VERIFIER_SUPPORTED_LANGUAGE_STANDARDS = "gnu11 gnu++14";
				NEW_SETTING = "";
				ONLY_ACTIVE_ARCH = YES;
				PRODUCT_BUNDLE_IDENTIFIER = com.mastercard.openbanking.connecttransfer;
				PRODUCT_NAME = "$(TARGET_NAME:c99extidentifier)";
				PROVISIONING_PROFILE_SPECIFIER = "";
				SKIP_INSTALL = YES;
				SUPPORTED_PLATFORMS = "iphoneos iphonesimulator";
				SUPPORTS_MACCATALYST = NO;
				SUPPORTS_MAC_DESIGNED_FOR_IPHONE_IPAD = NO;
				SUPPORTS_XR_DESIGNED_FOR_IPHONE_IPAD = NO;
				SWIFT_VERSION = 5.0;
				TARGETED_DEVICE_FAMILY = 1;
				VALID_ARCHS = "arm64 arm64e x86_64 armv7 armv7s";
			};
			name = Release;
		};
		6B94CDF223A819F30077D65A /* Debug */ = {
			isa = XCBuildConfiguration;
			buildSettings = {
				ALWAYS_EMBED_SWIFT_STANDARD_LIBRARIES = YES;
				CODE_SIGN_STYLE = Automatic;
				INFOPLIST_FILE = ConnectTransferTests/Info.plist;
				LD_RUNPATH_SEARCH_PATHS = (
					"$(inherited)",
					"@executable_path/Frameworks",
					"@loader_path/Frameworks",
				);
				PRODUCT_BUNDLE_IDENTIFIER = com.mastercard.openbanking.connecttests;
				PRODUCT_NAME = "$(TARGET_NAME)";
				SWIFT_VERSION = 5.0;
				TARGETED_DEVICE_FAMILY = "1,2";
			};
			name = Debug;
		};
		6B94CDF323A819F30077D65A /* Release */ = {
			isa = XCBuildConfiguration;
			buildSettings = {
				ALWAYS_EMBED_SWIFT_STANDARD_LIBRARIES = YES;
				CODE_SIGN_STYLE = Automatic;
				INFOPLIST_FILE = ConnectTransferTests/Info.plist;
				LD_RUNPATH_SEARCH_PATHS = (
					"$(inherited)",
					"@executable_path/Frameworks",
					"@loader_path/Frameworks",
				);
				PRODUCT_BUNDLE_IDENTIFIER = com.mastercard.openbanking.connecttests;
				PRODUCT_NAME = "$(TARGET_NAME)";
				SWIFT_VERSION = 5.0;
				TARGETED_DEVICE_FAMILY = "1,2";
			};
			name = Release;
		};
		6BAE6BA12514ED9900D5C059 /* Debug */ = {
			isa = XCBuildConfiguration;
			buildSettings = {
				ARCHS = "$(ARCHS_STANDARD)";
				CODE_SIGN_STYLE = Automatic;
				IPHONEOS_DEPLOYMENT_TARGET = 15.6;
				PRODUCT_NAME = "$(TARGET_NAME)";
				TARGETED_DEVICE_FAMILY = "1,2";
				VALID_ARCHS = "arm64 arm64e x86_64";
			};
			name = Debug;
		};
		6BAE6BA22514ED9900D5C059 /* Release */ = {
			isa = XCBuildConfiguration;
			buildSettings = {
				ARCHS = "$(ARCHS_STANDARD)";
				CODE_SIGN_STYLE = Automatic;
				IPHONEOS_DEPLOYMENT_TARGET = 15.6;
				PRODUCT_NAME = "$(TARGET_NAME)";
				TARGETED_DEVICE_FAMILY = "1,2";
				VALID_ARCHS = "arm64 arm64e x86_64";
			};
			name = Release;
		};
/* End XCBuildConfiguration section */

/* Begin XCConfigurationList section */
		2134235C2583F6D300C06BB8 /* Build configuration list for PBXNativeTarget "TestApp" */ = {
			isa = XCConfigurationList;
			buildConfigurations = (
				2134235A2583F6D300C06BB8 /* Debug */,
				2134235B2583F6D300C06BB8 /* Release */,
			);
			defaultConfigurationIsVisible = 0;
			defaultConfigurationName = Release;
		};
		214B5BF325895E9F00FA6A1E /* Build configuration list for PBXNativeTarget "TestAppUITests" */ = {
			isa = XCConfigurationList;
			buildConfigurations = (
				214B5BF125895E9F00FA6A1E /* Debug */,
				214B5BF225895E9F00FA6A1E /* Release */,
			);
			defaultConfigurationIsVisible = 0;
			defaultConfigurationName = Release;
		};
		6B94CDD423A819F20077D65A /* Build configuration list for PBXProject "ConnectTransfer" */ = {
			isa = XCConfigurationList;
			buildConfigurations = (
				6B94CDEC23A819F30077D65A /* Debug */,
				6B94CDED23A819F30077D65A /* Release */,
			);
			defaultConfigurationIsVisible = 0;
			defaultConfigurationName = Release;
		};
		6B94CDEE23A819F30077D65A /* Build configuration list for PBXNativeTarget "ConnectTransfer" */ = {
			isa = XCConfigurationList;
			buildConfigurations = (
				6B94CDEF23A819F30077D65A /* Debug */,
				6B94CDF023A819F30077D65A /* Release */,
			);
			defaultConfigurationIsVisible = 0;
			defaultConfigurationName = Release;
		};
		6B94CDF123A819F30077D65A /* Build configuration list for PBXNativeTarget "ConnectTransferTests" */ = {
			isa = XCConfigurationList;
			buildConfigurations = (
				6B94CDF223A819F30077D65A /* Debug */,
				6B94CDF323A819F30077D65A /* Release */,
			);
			defaultConfigurationIsVisible = 0;
			defaultConfigurationName = Release;
		};
		6BAE6BA32514ED9900D5C059 /* Build configuration list for PBXAggregateTarget "Universal-ConnectTransfer" */ = {
			isa = XCConfigurationList;
			buildConfigurations = (
				6BAE6BA12514ED9900D5C059 /* Debug */,
				6BAE6BA22514ED9900D5C059 /* Release */,
			);
			defaultConfigurationIsVisible = 0;
			defaultConfigurationName = Release;
		};
/* End XCConfigurationList section */
	};
	rootObject = 6B94CDD123A819F20077D65A /* Project object */;
}
