{
  "originHash" : "e2c0a18679e1d7be5f131f3ad6f9b760b4e3e0efbbd1e914cda12cbc9bb217e5",
  "pins" : [
    {
      "identity" : "atomic-transact-ios",
      "kind" : "remoteSourceControl",
      "location" : "https://github.com/atomicfi/atomic-transact-ios",
      "state" : {
        "revision" : "79fa44db4b50024528de71a540698b83d10b3bf8",
        "version" : "3.5.20"
      }
    }
  ],
  "version" : 2
}
