{
  "originHash" : "e2c0a18679e1d7be5f131f3ad6f9b760b4e3e0efbbd1e914cda12cbc9bb217e5",
  "pins" : [
    {
      "identity" : "atomic-transact-ios",
      "kind" : "remoteSourceControl",
      "location" : "https://github.com/atomicfi/atomic-transact-ios.git",
      "state" : {
        "revision" : "365a647bb1e3113673d85efa54d0e84f19194b74",
        "version" : "3.25.0"
      }
    }
  ],
  "version" : 3
}
