{
  "originHash" : "e2c0a18679e1d7be5f131f3ad6f9b760b4e3e0efbbd1e914cda12cbc9bb217e5",
  "pins" : [
    {
      "identity" : "atomic-transact-ios",
      "kind" : "remoteSourceControl",
      "location" : "https://github.com/atomicfi/atomic-transact-ios",
      "state" : {
        "revision" : "0f3e2f1a8ac6d1484e41730591e8b75e1255f419",
        "version" : "3.3.4"
      }
    }
  ],
  "version" : 3
}
