{
  "originHash" : "e2c0a18679e1d7be5f131f3ad6f9b760b4e3e0efbbd1e914cda12cbc9bb217e5",
  "pins" : [
    {
      "identity" : "atomic-transact-ios",
      "kind" : "remoteSourceControl",
      "location" : "https://github.com/atomicfi/atomic-transact-ios",
      "state" : {
        "revision" : "6f92a3700cac842d6e9d95b5153a8ad8c906d35e",
        "version" : "3.28.0"
      }
    }
  ],
  "version" : 3
}
