// !$*UTF8*$!
{
	archiveVersion = 1;
	classes = {
	};
	objectVersion = 54;
	objects = {

/* Begin PBXBuildFile section */
		21B338A625C9F4EC00111067 /* AccessibilityIdentifier.swift in Sources */ = {isa = PBXBuildFile; fileRef = 21B338A525C9F4EC00111067 /* AccessibilityIdentifier.swift */; };
		6BE8C13A23B137C8003C92AE /* AppDelegate.swift in Sources */ = {isa = PBXBuildFile; fileRef = 6BE8C13923B137C8003C92AE /* AppDelegate.swift */; };
		6BE8C13C23B137C8003C92AE /* SceneDelegate.swift in Sources */ = {isa = PBXBuildFile; fileRef = 6BE8C13B23B137C8003C92AE /* SceneDelegate.swift */; };
		6BE8C13E23B137C8003C92AE /* ViewController.swift in Sources */ = {isa = PBXBuildFile; fileRef = 6BE8C13D23B137C8003C92AE /* ViewController.swift */; };
		6BE8C14123B137C8003C92AE /* Main.storyboard in Resources */ = {isa = PBXBuildFile; fileRef = 6BE8C13F23B137C8003C92AE /* Main.storyboard */; };
		6BE8C14323B137C9003C92AE /* Assets.xcassets in Resources */ = {isa = PBXBuildFile; fileRef = 6BE8C14223B137C9003C92AE /* Assets.xcassets */; };
		6BE8C14623B137C9003C92AE /* LaunchScreen.storyboard in Resources */ = {isa = PBXBuildFile; fileRef = 6BE8C14423B137C9003C92AE /* LaunchScreen.storyboard */; };
		7758F6902C35511C00BFC519 /* RadioButtonController.swift in Sources */ = {isa = PBXBuildFile; fileRef = 7758F68F2C35511C00BFC519 /* RadioButtonController.swift */; };
		778B67292C8F230600B904DA /* AtomicTransact in Frameworks */ = {isa = PBXBuildFile; productRef = 778B67282C8F230600B904DA /* AtomicTransact */; };
		778B672B2C8F232900B904DA /* ConnectTransfer.xcframework in Frameworks */ = {isa = PBXBuildFile; fileRef = 778B672A2C8F232900B904DA /* ConnectTransfer.xcframework */; };
		D246C7964CC42DB31BAB7D33 /* Pods_ConnectWrapper.framework in Frameworks */ = {isa = PBXBuildFile; fileRef = 19D7B54F01666CCF0709C6B4 /* Pods_ConnectWrapper.framework */; };
/* End PBXBuildFile section */

/* Begin PBXCopyFilesBuildPhase section */
		216CEBCD255F1E4C000FD4A9 /* Embed Frameworks */ = {
			isa = PBXCopyFilesBuildPhase;
			buildActionMask = 2147483647;
			dstPath = "";
			dstSubfolderSpec = 10;
			files = (
			);
			name = "Embed Frameworks";
			runOnlyForDeploymentPostprocessing = 0;
		};
/* End PBXCopyFilesBuildPhase section */

/* Begin PBXFileReference section */
		19D7B54F01666CCF0709C6B4 /* Pods_ConnectWrapper.framework */ = {isa = PBXFileReference; explicitFileType = wrapper.framework; includeInIndex = 0; path = Pods_ConnectWrapper.framework; sourceTree = BUILT_PRODUCTS_DIR; };
		21B338A525C9F4EC00111067 /* AccessibilityIdentifier.swift */ = {isa = PBXFileReference; lastKnownFileType = sourcecode.swift; path = AccessibilityIdentifier.swift; sourceTree = "<group>"; };
		393764A148703E0158B38B48 /* Pods-ConnectWrapper.debug.xcconfig */ = {isa = PBXFileReference; includeInIndex = 1; lastKnownFileType = text.xcconfig; name = "Pods-ConnectWrapper.debug.xcconfig"; path = "Target Support Files/Pods-ConnectWrapper/Pods-ConnectWrapper.debug.xcconfig"; sourceTree = "<group>"; };
		6BE8C13623B137C8003C92AE /* ConnectWrapper.app */ = {isa = PBXFileReference; explicitFileType = wrapper.application; includeInIndex = 0; path = ConnectWrapper.app; sourceTree = BUILT_PRODUCTS_DIR; };
		6BE8C13923B137C8003C92AE /* AppDelegate.swift */ = {isa = PBXFileReference; lastKnownFileType = sourcecode.swift; path = AppDelegate.swift; sourceTree = "<group>"; };
		6BE8C13B23B137C8003C92AE /* SceneDelegate.swift */ = {isa = PBXFileReference; lastKnownFileType = sourcecode.swift; path = SceneDelegate.swift; sourceTree = "<group>"; };
		6BE8C13D23B137C8003C92AE /* ViewController.swift */ = {isa = PBXFileReference; lastKnownFileType = sourcecode.swift; path = ViewController.swift; sourceTree = "<group>"; };
		6BE8C14023B137C8003C92AE /* Base */ = {isa = PBXFileReference; lastKnownFileType = file.storyboard; name = Base; path = Base.lproj/Main.storyboard; sourceTree = "<group>"; };
		6BE8C14223B137C9003C92AE /* Assets.xcassets */ = {isa = PBXFileReference; lastKnownFileType = folder.assetcatalog; path = Assets.xcassets; sourceTree = "<group>"; };
		6BE8C14523B137C9003C92AE /* Base */ = {isa = PBXFileReference; lastKnownFileType = file.storyboard; name = Base; path = Base.lproj/LaunchScreen.storyboard; sourceTree = "<group>"; };
		6BE8C14723B137C9003C92AE /* Info.plist */ = {isa = PBXFileReference; lastKnownFileType = text.plist.xml; path = Info.plist; sourceTree = "<group>"; };
		7758F68F2C35511C00BFC519 /* RadioButtonController.swift */ = {isa = PBXFileReference; fileEncoding = 4; lastKnownFileType = sourcecode.swift; path = RadioButtonController.swift; sourceTree = "<group>"; };
		778B672A2C8F232900B904DA /* ConnectTransfer.xcframework */ = {isa = PBXFileReference; lastKnownFileType = wrapper.xcframework; path = ConnectTransfer.xcframework; sourceTree = "<group>"; };
		77E57C1E2A4DAE38007D7863 /* ConnectWrapper.entitlements */ = {isa = PBXFileReference; lastKnownFileType = text.plist.entitlements; path = ConnectWrapper.entitlements; sourceTree = "<group>"; };
		800AF636A0AAC3D65A552958 /* Pods-ConnectWrapper.release.xcconfig */ = {isa = PBXFileReference; includeInIndex = 1; lastKnownFileType = text.xcconfig; name = "Pods-ConnectWrapper.release.xcconfig"; path = "Target Support Files/Pods-ConnectWrapper/Pods-ConnectWrapper.release.xcconfig"; sourceTree = "<group>"; };
/* End PBXFileReference section */

/* Begin PBXFrameworksBuildPhase section */
		6BE8C13323B137C8003C92AE /* Frameworks */ = {
			isa = PBXFrameworksBuildPhase;
			buildActionMask = 2147483647;
			files = (
				778B672B2C8F232900B904DA /* ConnectTransfer.xcframework in Frameworks */,
				D246C7964CC42DB31BAB7D33 /* Pods_ConnectWrapper.framework in Frameworks */,
				778B67292C8F230600B904DA /* AtomicTransact in Frameworks */,
			);
			runOnlyForDeploymentPostprocessing = 0;
		};
/* End PBXFrameworksBuildPhase section */

/* Begin PBXGroup section */
		278198F3391497035BAFC20B /* Pods */ = {
			isa = PBXGroup;
			children = (
				393764A148703E0158B38B48 /* Pods-ConnectWrapper.debug.xcconfig */,
				800AF636A0AAC3D65A552958 /* Pods-ConnectWrapper.release.xcconfig */,
			);
			path = Pods;
			sourceTree = "<group>";
		};
		6BE8C12D23B137C8003C92AE = {
			isa = PBXGroup;
			children = (
				6BE8C13823B137C8003C92AE /* ConnectWrapper */,
				6BE8C13723B137C8003C92AE /* Products */,
				6BE8C14D23B1486E003C92AE /* Frameworks */,
				278198F3391497035BAFC20B /* Pods */,
			);
			sourceTree = "<group>";
		};
		6BE8C13723B137C8003C92AE /* Products */ = {
			isa = PBXGroup;
			children = (
				6BE8C13623B137C8003C92AE /* ConnectWrapper.app */,
			);
			name = Products;
			sourceTree = "<group>";
		};
		6BE8C13823B137C8003C92AE /* ConnectWrapper */ = {
			isa = PBXGroup;
			children = (
				7758F68F2C35511C00BFC519 /* RadioButtonController.swift */,
				77E57C1E2A4DAE38007D7863 /* ConnectWrapper.entitlements */,
				6BE8C13923B137C8003C92AE /* AppDelegate.swift */,
				6BE8C13B23B137C8003C92AE /* SceneDelegate.swift */,
				6BE8C13D23B137C8003C92AE /* ViewController.swift */,
				6BE8C13F23B137C8003C92AE /* Main.storyboard */,
				6BE8C14223B137C9003C92AE /* Assets.xcassets */,
				6BE8C14423B137C9003C92AE /* LaunchScreen.storyboard */,
				6BE8C14723B137C9003C92AE /* Info.plist */,
				21B338A525C9F4EC00111067 /* AccessibilityIdentifier.swift */,
			);
			path = ConnectWrapper;
			sourceTree = "<group>";
		};
		6BE8C14D23B1486E003C92AE /* Frameworks */ = {
			isa = PBXGroup;
			children = (
				778B672A2C8F232900B904DA /* ConnectTransfer.xcframework */,
				19D7B54F01666CCF0709C6B4 /* Pods_ConnectWrapper.framework */,
			);
			name = Frameworks;
			sourceTree = "<group>";
		};
/* End PBXGroup section */

/* Begin PBXNativeTarget section */
		6BE8C13523B137C8003C92AE /* ConnectWrapper */ = {
			isa = PBXNativeTarget;
			buildConfigurationList = 6BE8C14A23B137C9003C92AE /* Build configuration list for PBXNativeTarget "ConnectWrapper" */;
			buildPhases = (
				0E6C4EA8CA2560642AB7F046 /* [CP] Check Pods Manifest.lock */,
				6BE8C13223B137C8003C92AE /* Sources */,
				6BE8C13323B137C8003C92AE /* Frameworks */,
				6BE8C13423B137C8003C92AE /* Resources */,
				216CEBCD255F1E4C000FD4A9 /* Embed Frameworks */,
				023EA7D07BFE3D6F157270D1 /* [CP] Embed Pods Frameworks */,
				65B3167EE37CF2465A72A6BD /* [CP] Copy Pods Resources */,
			);
			buildRules = (
			);
			dependencies = (
			);
			name = ConnectWrapper;
			packageProductDependencies = (
				778B67282C8F230600B904DA /* AtomicTransact */,
			);
			productName = ConnectWrapper;
			productReference = 6BE8C13623B137C8003C92AE /* ConnectWrapper.app */;
			productType = "com.apple.product-type.application";
		};
/* End PBXNativeTarget section */

/* Begin PBXProject section */
		6BE8C12E23B137C8003C92AE /* Project object */ = {
			isa = PBXProject;
			attributes = {
				LastSwiftUpdateCheck = 1230;
				LastUpgradeCheck = 1210;
				ORGANIZATIONNAME = finicity;
				TargetAttributes = {
					6BE8C13523B137C8003C92AE = {
						CreatedOnToolsVersion = 11.3;
					};
				};
			};
			buildConfigurationList = 6BE8C13123B137C8003C92AE /* Build configuration list for PBXProject "ConnectWrapper" */;
			compatibilityVersion = "Xcode 9.3";
			developmentRegion = en;
			hasScannedForEncodings = 0;
			knownRegions = (
				en,
				Base,
			);
			mainGroup = 6BE8C12D23B137C8003C92AE;
			packageReferences = (
				778B67272C8F230600B904DA /* XCRemoteSwiftPackageReference "atomic-transact-ios" */,
			);
			productRefGroup = 6BE8C13723B137C8003C92AE /* Products */;
			projectDirPath = "";
			projectRoot = "";
			targets = (
				6BE8C13523B137C8003C92AE /* ConnectWrapper */,
			);
		};
/* End PBXProject section */

/* Begin PBXResourcesBuildPhase section */
		6BE8C13423B137C8003C92AE /* Resources */ = {
			isa = PBXResourcesBuildPhase;
			buildActionMask = 2147483647;
			files = (
				6BE8C14623B137C9003C92AE /* LaunchScreen.storyboard in Resources */,
				6BE8C14323B137C9003C92AE /* Assets.xcassets in Resources */,
				6BE8C14123B137C8003C92AE /* Main.storyboard in Resources */,
			);
			runOnlyForDeploymentPostprocessing = 0;
		};
/* End PBXResourcesBuildPhase section */

/* Begin PBXShellScriptBuildPhase section */
		023EA7D07BFE3D6F157270D1 /* [CP] Embed Pods Frameworks */ = {
			isa = PBXShellScriptBuildPhase;
			buildActionMask = 2147483647;
			files = (
			);
			inputFileListPaths = (
				"${PODS_ROOT}/Target Support Files/Pods-ConnectWrapper/Pods-ConnectWrapper-frameworks-${CONFIGURATION}-input-files.xcfilelist",
			);
			name = "[CP] Embed Pods Frameworks";
			outputFileListPaths = (
				"${PODS_ROOT}/Target Support Files/Pods-ConnectWrapper/Pods-ConnectWrapper-frameworks-${CONFIGURATION}-output-files.xcfilelist",
			);
			runOnlyForDeploymentPostprocessing = 0;
			shellPath = /bin/sh;
			shellScript = "\"${PODS_ROOT}/Target Support Files/Pods-ConnectWrapper/Pods-ConnectWrapper-frameworks.sh\"\n";
			showEnvVarsInLog = 0;
		};
		0E6C4EA8CA2560642AB7F046 /* [CP] Check Pods Manifest.lock */ = {
			isa = PBXShellScriptBuildPhase;
			buildActionMask = 2147483647;
			files = (
			);
			inputFileListPaths = (
			);
			inputPaths = (
				"${PODS_PODFILE_DIR_PATH}/Podfile.lock",
				"${PODS_ROOT}/Manifest.lock",
			);
			name = "[CP] Check Pods Manifest.lock";
			outputFileListPaths = (
			);
			outputPaths = (
				"$(DERIVED_FILE_DIR)/Pods-ConnectWrapper-checkManifestLockResult.txt",
			);
			runOnlyForDeploymentPostprocessing = 0;
			shellPath = /bin/sh;
			shellScript = "diff \"${PODS_PODFILE_DIR_PATH}/Podfile.lock\" \"${PODS_ROOT}/Manifest.lock\" > /dev/null\nif [ $? != 0 ] ; then\n    # print error to STDERR\n    echo \"error: The sandbox is not in sync with the Podfile.lock. Run 'pod install' or update your CocoaPods installation.\" >&2\n    exit 1\nfi\n# This output is used by Xcode 'outputs' to avoid re-running this script phase.\necho \"SUCCESS\" > \"${SCRIPT_OUTPUT_FILE_0}\"\n";
			showEnvVarsInLog = 0;
		};
		65B3167EE37CF2465A72A6BD /* [CP] Copy Pods Resources */ = {
			isa = PBXShellScriptBuildPhase;
			buildActionMask = 2147483647;
			files = (
			);
			inputFileListPaths = (
				"${PODS_ROOT}/Target Support Files/Pods-ConnectWrapper/Pods-ConnectWrapper-resources-${CONFIGURATION}-input-files.xcfilelist",
			);
			name = "[CP] Copy Pods Resources";
			outputFileListPaths = (
				"${PODS_ROOT}/Target Support Files/Pods-ConnectWrapper/Pods-ConnectWrapper-resources-${CONFIGURATION}-output-files.xcfilelist",
			);
			runOnlyForDeploymentPostprocessing = 0;
			shellPath = /bin/sh;
			shellScript = "\"${PODS_ROOT}/Target Support Files/Pods-ConnectWrapper/Pods-ConnectWrapper-resources.sh\"\n";
			showEnvVarsInLog = 0;
		};
/* End PBXShellScriptBuildPhase section */

/* Begin PBXSourcesBuildPhase section */
		6BE8C13223B137C8003C92AE /* Sources */ = {
			isa = PBXSourcesBuildPhase;
			buildActionMask = 2147483647;
			files = (
				6BE8C13E23B137C8003C92AE /* ViewController.swift in Sources */,
				7758F6902C35511C00BFC519 /* RadioButtonController.swift in Sources */,
				6BE8C13A23B137C8003C92AE /* AppDelegate.swift in Sources */,
				6BE8C13C23B137C8003C92AE /* SceneDelegate.swift in Sources */,
				21B338A625C9F4EC00111067 /* AccessibilityIdentifier.swift in Sources */,
			);
			runOnlyForDeploymentPostprocessing = 0;
		};
/* End PBXSourcesBuildPhase section */

/* Begin PBXVariantGroup section */
		6BE8C13F23B137C8003C92AE /* Main.storyboard */ = {
			isa = PBXVariantGroup;
			children = (
				6BE8C14023B137C8003C92AE /* Base */,
			);
			name = Main.storyboard;
			sourceTree = "<group>";
		};
		6BE8C14423B137C9003C92AE /* LaunchScreen.storyboard */ = {
			isa = PBXVariantGroup;
			children = (
				6BE8C14523B137C9003C92AE /* Base */,
			);
			name = LaunchScreen.storyboard;
			sourceTree = "<group>";
		};
/* End PBXVariantGroup section */

/* Begin XCBuildConfiguration section */
		6BE8C14823B137C9003C92AE /* Debug */ = {
			isa = XCBuildConfiguration;
			buildSettings = {
				ALWAYS_SEARCH_USER_PATHS = NO;
				CLANG_ANALYZER_NONNULL = YES;
				CLANG_ANALYZER_NUMBER_OBJECT_CONVERSION = YES_AGGRESSIVE;
				CLANG_CXX_LANGUAGE_STANDARD = "gnu++14";
				CLANG_CXX_LIBRARY = "libc++";
				CLANG_ENABLE_MODULES = YES;
				CLANG_ENABLE_OBJC_ARC = YES;
				CLANG_ENABLE_OBJC_WEAK = YES;
				CLANG_WARN_BLOCK_CAPTURE_AUTORELEASING = YES;
				CLANG_WARN_BOOL_CONVERSION = YES;
				CLANG_WARN_COMMA = YES;
				CLANG_WARN_CONSTANT_CONVERSION = YES;
				CLANG_WARN_DEPRECATED_OBJC_IMPLEMENTATIONS = YES;
				CLANG_WARN_DIRECT_OBJC_ISA_USAGE = YES_ERROR;
				CLANG_WARN_DOCUMENTATION_COMMENTS = YES;
				CLANG_WARN_EMPTY_BODY = YES;
				CLANG_WARN_ENUM_CONVERSION = YES;
				CLANG_WARN_INFINITE_RECURSION = YES;
				CLANG_WARN_INT_CONVERSION = YES;
				CLANG_WARN_NON_LITERAL_NULL_CONVERSION = YES;
				CLANG_WARN_OBJC_IMPLICIT_RETAIN_SELF = YES;
				CLANG_WARN_OBJC_LITERAL_CONVERSION = YES;
				CLANG_WARN_OBJC_ROOT_CLASS = YES_ERROR;
				CLANG_WARN_QUOTED_INCLUDE_IN_FRAMEWORK_HEADER = YES;
				CLANG_WARN_RANGE_LOOP_ANALYSIS = YES;
				CLANG_WARN_STRICT_PROTOTYPES = YES;
				CLANG_WARN_SUSPICIOUS_MOVE = YES;
				CLANG_WARN_UNGUARDED_AVAILABILITY = YES_AGGRESSIVE;
				CLANG_WARN_UNREACHABLE_CODE = YES;
				CLANG_WARN__DUPLICATE_METHOD_MATCH = YES;
				COPY_PHASE_STRIP = NO;
				DEBUG_INFORMATION_FORMAT = dwarf;
				ENABLE_STRICT_OBJC_MSGSEND = YES;
				ENABLE_TESTABILITY = YES;
				GCC_C_LANGUAGE_STANDARD = gnu11;
				GCC_DYNAMIC_NO_PIC = NO;
				GCC_NO_COMMON_BLOCKS = YES;
				GCC_OPTIMIZATION_LEVEL = 0;
				GCC_PREPROCESSOR_DEFINITIONS = (
					"DEBUG=1",
					"$(inherited)",
				);
				GCC_WARN_64_TO_32_BIT_CONVERSION = YES;
				GCC_WARN_ABOUT_RETURN_TYPE = YES_ERROR;
				GCC_WARN_UNDECLARED_SELECTOR = YES;
				GCC_WARN_UNINITIALIZED_AUTOS = YES_AGGRESSIVE;
				GCC_WARN_UNUSED_FUNCTION = YES;
				GCC_WARN_UNUSED_VARIABLE = YES;
				IPHONEOS_DEPLOYMENT_TARGET = 13.2;
				MTL_ENABLE_DEBUG_INFO = INCLUDE_SOURCE;
				MTL_FAST_MATH = YES;
				ONLY_ACTIVE_ARCH = YES;
				SDKROOT = iphoneos;
				SWIFT_ACTIVE_COMPILATION_CONDITIONS = DEBUG;
				SWIFT_OPTIMIZATION_LEVEL = "-Onone";
			};
			name = Debug;
		};
		6BE8C14923B137C9003C92AE /* Release */ = {
			isa = XCBuildConfiguration;
			buildSettings = {
				ALWAYS_SEARCH_USER_PATHS = NO;
				CLANG_ANALYZER_NONNULL = YES;
				CLANG_ANALYZER_NUMBER_OBJECT_CONVERSION = YES_AGGRESSIVE;
				CLANG_CXX_LANGUAGE_STANDARD = "gnu++14";
				CLANG_CXX_LIBRARY = "libc++";
				CLANG_ENABLE_MODULES = YES;
				CLANG_ENABLE_OBJC_ARC = YES;
				CLANG_ENABLE_OBJC_WEAK = YES;
				CLANG_WARN_BLOCK_CAPTURE_AUTORELEASING = YES;
				CLANG_WARN_BOOL_CONVERSION = YES;
				CLANG_WARN_COMMA = YES;
				CLANG_WARN_CONSTANT_CONVERSION = YES;
				CLANG_WARN_DEPRECATED_OBJC_IMPLEMENTATIONS = YES;
				CLANG_WARN_DIRECT_OBJC_ISA_USAGE = YES_ERROR;
				CLANG_WARN_DOCUMENTATION_COMMENTS = YES;
				CLANG_WARN_EMPTY_BODY = YES;
				CLANG_WARN_ENUM_CONVERSION = YES;
				CLANG_WARN_INFINITE_RECURSION = YES;
				CLANG_WARN_INT_CONVERSION = YES;
				CLANG_WARN_NON_LITERAL_NULL_CONVERSION = YES;
				CLANG_WARN_OBJC_IMPLICIT_RETAIN_SELF = YES;
				CLANG_WARN_OBJC_LITERAL_CONVERSION = YES;
				CLANG_WARN_OBJC_ROOT_CLASS = YES_ERROR;
				CLANG_WARN_QUOTED_INCLUDE_IN_FRAMEWORK_HEADER = YES;
				CLANG_WARN_RANGE_LOOP_ANALYSIS = YES;
				CLANG_WARN_STRICT_PROTOTYPES = YES;
				CLANG_WARN_SUSPICIOUS_MOVE = YES;
				CLANG_WARN_UNGUARDED_AVAILABILITY = YES_AGGRESSIVE;
				CLANG_WARN_UNREACHABLE_CODE = YES;
				CLANG_WARN__DUPLICATE_METHOD_MATCH = YES;
				COPY_PHASE_STRIP = NO;
				DEBUG_INFORMATION_FORMAT = "dwarf-with-dsym";
				ENABLE_NS_ASSERTIONS = NO;
				ENABLE_STRICT_OBJC_MSGSEND = YES;
				GCC_C_LANGUAGE_STANDARD = gnu11;
				GCC_NO_COMMON_BLOCKS = YES;
				GCC_WARN_64_TO_32_BIT_CONVERSION = YES;
				GCC_WARN_ABOUT_RETURN_TYPE = YES_ERROR;
				GCC_WARN_UNDECLARED_SELECTOR = YES;
				GCC_WARN_UNINITIALIZED_AUTOS = YES_AGGRESSIVE;
				GCC_WARN_UNUSED_FUNCTION = YES;
				GCC_WARN_UNUSED_VARIABLE = YES;
				IPHONEOS_DEPLOYMENT_TARGET = 13.2;
				MTL_ENABLE_DEBUG_INFO = NO;
				MTL_FAST_MATH = YES;
				SDKROOT = iphoneos;
				SWIFT_COMPILATION_MODE = wholemodule;
				SWIFT_OPTIMIZATION_LEVEL = "-O";
				VALIDATE_PRODUCT = YES;
			};
			name = Release;
		};
		6BE8C14B23B137C9003C92AE /* Debug */ = {
			isa = XCBuildConfiguration;
			baseConfigurationReference = 393764A148703E0158B38B48 /* Pods-ConnectWrapper.debug.xcconfig */;
			buildSettings = {
				ASSETCATALOG_COMPILER_APPICON_NAME = AppIcon;
				CODE_SIGN_ENTITLEMENTS = ConnectWrapper/ConnectWrapper.entitlements;
				CODE_SIGN_IDENTITY = "Apple Development";
				"CODE_SIGN_IDENTITY[sdk=iphoneos*]" = "iPhone Distribution";
				CODE_SIGN_STYLE = Manual;
				CURRENT_PROJECT_VERSION = 25;
				DEVELOPMENT_TEAM = "";
				"DEVELOPMENT_TEAM[sdk=iphoneos*]" = 5R8RGDXM32;
				FRAMEWORK_SEARCH_PATHS = (
					"$(inherited)",
					"$(PROJECT_DIR)",
				);
				INFOPLIST_FILE = ConnectWrapper/Info.plist;
				INFOPLIST_KEY_CFBundleDisplayName = ConnectWrapper;
				LD_RUNPATH_SEARCH_PATHS = (
					"$(inherited)",
					"@executable_path/Frameworks",
				);
				MARKETING_VERSION = 1.0;
				PRODUCT_BUNDLE_IDENTIFIER = com.mastercard.openbanking.connectwrapper;
				PRODUCT_NAME = "$(TARGET_NAME)";
				PROVISIONING_PROFILE_SPECIFIER = "";
				"PROVISIONING_PROFILE_SPECIFIER[sdk=iphoneos*]" = "MA SDK NEW 2025";
				SWIFT_VERSION = 5.0;
				TARGETED_DEVICE_FAMILY = "1,2";
			};
			name = Debug;
		};
		6BE8C14C23B137C9003C92AE /* Release */ = {
			isa = XCBuildConfiguration;
			baseConfigurationReference = 800AF636A0AAC3D65A552958 /* Pods-ConnectWrapper.release.xcconfig */;
			buildSettings = {
				ASSETCATALOG_COMPILER_APPICON_NAME = AppIcon;
				CODE_SIGN_ENTITLEMENTS = ConnectWrapper/ConnectWrapper.entitlements;
				CODE_SIGN_IDENTITY = "Apple Development";
				"CODE_SIGN_IDENTITY[sdk=iphoneos*]" = "iPhone Distribution";
				CODE_SIGN_STYLE = Manual;
				CURRENT_PROJECT_VERSION = 25;
				DEVELOPMENT_TEAM = "";
				"DEVELOPMENT_TEAM[sdk=iphoneos*]" = 5R8RGDXM32;
				FRAMEWORK_SEARCH_PATHS = (
					"$(inherited)",
					"$(PROJECT_DIR)",
				);
				INFOPLIST_FILE = ConnectWrapper/Info.plist;
				INFOPLIST_KEY_CFBundleDisplayName = ConnectWrapper;
				LD_RUNPATH_SEARCH_PATHS = (
					"$(inherited)",
					"@executable_path/Frameworks",
				);
				MARKETING_VERSION = 1.0;
				PRODUCT_BUNDLE_IDENTIFIER = com.mastercard.openbanking.connectwrapper;
				PRODUCT_NAME = "$(TARGET_NAME)";
				PROVISIONING_PROFILE_SPECIFIER = "";
				"PROVISIONING_PROFILE_SPECIFIER[sdk=iphoneos*]" = "MA SDK NEW 2025";
				SWIFT_VERSION = 5.0;
				TARGETED_DEVICE_FAMILY = "1,2";
			};
			name = Release;
		};
/* End XCBuildConfiguration section */

/* Begin XCConfigurationList section */
		6BE8C13123B137C8003C92AE /* Build configuration list for PBXProject "ConnectWrapper" */ = {
			isa = XCConfigurationList;
			buildConfigurations = (
				6BE8C14823B137C9003C92AE /* Debug */,
				6BE8C14923B137C9003C92AE /* Release */,
			);
			defaultConfigurationIsVisible = 0;
			defaultConfigurationName = Release;
		};
		6BE8C14A23B137C9003C92AE /* Build configuration list for PBXNativeTarget "ConnectWrapper" */ = {
			isa = XCConfigurationList;
			buildConfigurations = (
				6BE8C14B23B137C9003C92AE /* Debug */,
				6BE8C14C23B137C9003C92AE /* Release */,
			);
			defaultConfigurationIsVisible = 0;
			defaultConfigurationName = Release;
		};
/* End XCConfigurationList section */

/* Begin XCRemoteSwiftPackageReference section */
		778B67272C8F230600B904DA /* XCRemoteSwiftPackageReference "atomic-transact-ios" */ = {
			isa = XCRemoteSwiftPackageReference;
			repositoryURL = "https://github.com/atomicfi/atomic-transact-ios";
			requirement = {
				kind = exactVersion;
				version = 3.3.4;
			};
		};
/* End XCRemoteSwiftPackageReference section */

/* Begin XCSwiftPackageProductDependency section */
		778B67282C8F230600B904DA /* AtomicTransact */ = {
			isa = XCSwiftPackageProductDependency;
			package = 778B67272C8F230600B904DA /* XCRemoteSwiftPackageReference "atomic-transact-ios" */;
			productName = AtomicTransact;
		};
/* End XCSwiftPackageProductDependency section */
	};
	rootObject = 6BE8C12E23B137C8003C92AE /* Project object */;
}
